
Microsoft Visual Studio Solution File, Format Version 12.00
# Visual Studio Version 17
VisualStudioVersion = 17.0.31903.59
MinimumVisualStudioVersion = 10.0.40219.1
Project("{2150E333-8FDC-42A3-9474-1A3956D46DE8}") = "src", "src", "{827E0CD3-B72D-47B6-A68D-7590B98EB39B}"
EndProject
Project("{2150E333-8FDC-42A3-9474-1A3956D46DE8}") = "data", "data", "{58A5B24B-8FB4-5A6E-5EF4-1E3E19F29B1B}"
EndProject
Project("{FAE04EC0-301F-11D3-BF4B-00C04F79EFBC}") = "Ara3D.BimOpenSchema.BuildingModel.DuckDb", "src\data\Ara3D.BimOpenSchema.BuildingModel.DuckDb\Ara3D.BimOpenSchema.BuildingModel.DuckDb.csproj", "{02202C1A-9CEA-4B15-A154-7E0272B11D41}"
EndProject
Project("{FAE04EC0-301F-11D3-BF4B-00C04F79EFBC}") = "Ara3D.BimOpenSchema.BuildingModel.Workflows", "src\data\Ara3D.BimOpenSchema.BuildingModel.Workflows\Ara3D.BimOpenSchema.BuildingModel.Workflows.csproj", "{CD5B2FFF-EADB-4E7B-8B12-BA58969F3F8A}"
EndProject
Project("{FAE04EC0-301F-11D3-BF4B-00C04F79EFBC}") = "Ara3D.BimOpenSchema.BuildingModel", "src\data\Ara3D.BimOpenSchema.BuildingModel\Ara3D.BimOpenSchema.BuildingModel.csproj", "{01D64F12-BC68-4742-BF5A-0309F479A7FE}"
EndProject
Project("{FAE04EC0-301F-11D3-BF4B-00C04F79EFBC}") = "Ara3D.BimOpenSchema.DataModel", "src\data\Ara3D.BimOpenSchema.DataModel\Ara3D.BimOpenSchema.DataModel.csproj", "{BBFB44D3-33B0-49E9-AF72-B0C792318B2A}"
EndProject
Project("{FAE04EC0-301F-11D3-BF4B-00C04F79EFBC}") = "Ara3D.BimOpenSchema", "deps\bim-open-schema\src\Ara3D.BimOpenSchema\Ara3D.BimOpenSchema.csproj", "{4A4AB820-0CD1-4160-83AE-0515A8FBD9F4}"
EndProject
Project("{FAE04EC0-301F-11D3-BF4B-00C04F79EFBC}") = "Ara3D.BimOpenSchema.BuildingModel.Workflows.IO", "src\data\Ara3D.BimOpenSchema.BuildingModel.Workflows.IO\Ara3D.BimOpenSchema.BuildingModel.Workflows.IO.csproj", "{C3EBF1F4-B3BF-4E3A-964B-42CA230A0BDA}"
EndProject
Project("{FAE04EC0-301F-11D3-BF4B-00C04F79EFBC}") = "Ara3D.BimOpenSchema.BuildingModel.Source", "src\data\Ara3D.BimOpenSchema.BuildingModel.Source\Ara3D.BimOpenSchema.BuildingModel.Source.csproj", "{0C716590-6463-487C-B807-C5C672D331BD}"
EndProject
Project("{FAE04EC0-301F-11D3-BF4B-00C04F79EFBC}") = "Ara3D.IO.BFAST", "deps\ara3d-sdk\src\Ara3D.IO.BFAST\Ara3D.IO.BFAST.csproj", "{2028344E-10F1-4ADB-B129-75C9A7A3D91F}"
EndProject
Project("{FAE04EC0-301F-11D3-BF4B-00C04F79EFBC}") = "Ara3D.Memory", "deps\ara3d-sdk\src\Ara3D.Memory\Ara3D.Memory.csproj", "{23286EB2-55C9-4034-A498-FC7F5B17145F}"
EndProject
Project("{FAE04EC0-301F-11D3-BF4B-00C04F79EFBC}") = "Ara3D.Utils", "deps\ara3d-sdk\src\Ara3D.Utils\Ara3D.Utils.csproj", "{76F7E90A-A93E-46AC-8C47-67F3352155D0}"
EndProject
Project("{FAE04EC0-301F-11D3-BF4B-00C04F79EFBC}") = "Ara3D.BimOpenSchema.DataModel.IO", "src\data\Ara3D.BimOpenSchema.DataModel.IO\Ara3D.BimOpenSchema.DataModel.IO.csproj", "{6A1D3000-C9B7-47C8-946C-06A5E099D2D4}"
EndProject
Project("{FAE04EC0-301F-11D3-BF4B-00C04F79EFBC}") = "Ara3D.BimOpenSchema.DuckDb", "src\data\Ara3D.BimOpenSchema.DuckDb\Ara3D.BimOpenSchema.DuckDb.csproj", "{22E415C0-CC08-42C1-BE27-1A7F3E6EC465}"
EndProject
Project("{FAE04EC0-301F-11D3-BF4B-00C04F79EFBC}") = "Ara3D.BimOpenSchema.IO", "src\data\Ara3D.BimOpenSchema.IO\Ara3D.BimOpenSchema.IO.csproj", "{35897BC2-D1C5-450E-ABFA-28B187EA785C}"
EndProject
Project("{FAE04EC0-301F-11D3-BF4B-00C04F79EFBC}") = "Ara3D.BimOpenSchema.ObjectModel", "src\data\Ara3D.BimOpenSchema.ObjectModel\Ara3D.BimOpenSchema.ObjectModel.csproj", "{CE0DA9AA-64E4-4FE8-A63A-E210C7D9A118}"
EndProject
Project("{FAE04EC0-301F-11D3-BF4B-00C04F79EFBC}") = "Ara3D.Collections", "deps\ara3d-sdk\src\Ara3D.Collections\Ara3D.Collections.csproj", "{15D6070A-A4A6-4EBE-9CDB-8843D8046B7C}"
EndProject
Project("{FAE04EC0-301F-11D3-BF4B-00C04F79EFBC}") = "Ara3D.DataTable", "deps\ara3d-sdk\src\Ara3D.DataTable\Ara3D.DataTable.csproj", "{5436EFE0-AAA5-414F-AD64-4DBA18A876B0}"
EndProject
Project("{FAE04EC0-301F-11D3-BF4B-00C04F79EFBC}") = "Ara3D.PropKit", "deps\ara3d-sdk\src\Ara3D.PropKit\Ara3D.PropKit.csproj", "{F21D625E-2F6B-49B1-B9B7-D50C2D05233E}"
EndProject
Project("{FAE04EC0-301F-11D3-BF4B-00C04F79EFBC}") = "Ara3D.Geometry", "deps\ara3d-sdk\src\Ara3D.Geometry\Ara3D.Geometry.csproj", "{D9313872-3BF1-402A-B434-9CBB2D7E7A0A}"
EndProject
Project("{FAE04EC0-301F-11D3-BF4B-00C04F79EFBC}") = "Ara3D.Models", "deps\ara3d-sdk\src\Ara3D.Models\Ara3D.Models.csproj", "{3C0463DA-A90A-4909-8CDF-33C03F5DFE1A}"
EndProject
Project("{FAE04EC0-301F-11D3-BF4B-00C04F79EFBC}") = "Ara3D.F8", "deps\ara3d-sdk\src\Ara3D.F8\Ara3D.F8.csproj", "{B1F0091F-4322-4EDE-ABF7-909D4722F600}"
EndProject
Project("{FAE04EC0-301F-11D3-BF4B-00C04F79EFBC}") = "Ara3D.Logging", "deps\ara3d-sdk\src\Ara3D.Logging\Ara3D.Logging.csproj", "{3BECAF3F-6C0B-4B42-97D4-5395169D6A61}"
EndProject
Project("{FAE04EC0-301F-11D3-BF4B-00C04F79EFBC}") = "Ara3D.BimOpenSchema.Federation", "src\data\Ara3D.BimOpenSchema.Federation\Ara3D.BimOpenSchema.Federation.csproj", "{67E6BE1B-8164-41DB-8699-068D9CDD9C82}"
EndProject
Project("{FAE04EC0-301F-11D3-BF4B-00C04F79EFBC}") = "Ara3D.Ifc.Bos", "src\data\Ara3D.Ifc.Bos\Ara3D.Ifc.Bos.csproj", "{6237ED39-A859-43B9-8641-F106F777BD33}"
EndProject
Project("{FAE04EC0-301F-11D3-BF4B-00C04F79EFBC}") = "Ara3D.IfcLoader", "src\data\Ara3D.IfcLoader\Ara3D.IfcLoader.csproj", "{A5A03E0C-612C-4859-92F6-2A326D5DAB56}"
EndProject
Project("{FAE04EC0-301F-11D3-BF4B-00C04F79EFBC}") = "Ara3D.IO.StepParser", "deps\ara3d-sdk\src\Ara3D.IO.StepParser\Ara3D.IO.StepParser.csproj", "{B6256F65-ABC6-4D41-9C3A-E2024F179A4B}"
EndProject
Project("{FAE04EC0-301F-11D3-BF4B-00C04F79EFBC}") = "Ara3D.BimOpenSchema.Harmonizer", "src\data\Ara3D.BimOpenSchema.Harmonizer\Ara3D.BimOpenSchema.Harmonizer.csproj", "{D6EB46F8-D09A-4EE8-8E15-8CA17688DC78}"
EndProject
Project("{FAE04EC0-301F-11D3-BF4B-00C04F79EFBC}") = "Ara3D.BimOpenSchema.IO.Bfast", "src\data\Ara3D.BimOpenSchema.IO.Bfast\Ara3D.BimOpenSchema.IO.Bfast.csproj", "{5692FA49-099E-4069-8055-136CDB8D7960}"
EndProject
Project("{FAE04EC0-301F-11D3-BF4B-00C04F79EFBC}") = "Ara3D.BimOpenSchema.IO.Export", "src\data\Ara3D.BimOpenSchema.IO.Export\Ara3D.BimOpenSchema.IO.Export.csproj", "{BEB168ED-D0BC-4FCA-8E3A-7B2D328A90E9}"
EndProject
Project("{FAE04EC0-301F-11D3-BF4B-00C04F79EFBC}") = "Ara3D.Ifc.DuckDb", "src\data\Ara3D.Ifc.DuckDb\Ara3D.Ifc.DuckDb.csproj", "{F5C89EE3-E6B2-4A1F-9DF8-3650C71A4376}"
EndProject
Project("{FAE04EC0-301F-11D3-BF4B-00C04F79EFBC}") = "Ara3D.Ifc.Editing", "src\data\Ara3D.Ifc.Editing\Ara3D.Ifc.Editing.csproj", "{37B9816A-2424-4E40-B477-188008281225}"
EndProject
Project("{FAE04EC0-301F-11D3-BF4B-00C04F79EFBC}") = "Ara3D.Ifc.Mesher", "src\data\Ara3D.Ifc.Mesher\Ara3D.Ifc.Mesher.csproj", "{2FA5F034-E2A1-4626-BE19-CB17FA1B6DE5}"
EndProject
Project("{2150E333-8FDC-42A3-9474-1A3956D46DE8}") = "mcp", "mcp", "{F3846736-565B-9EA7-873C-5ACF842A7768}"
EndProject
Project("{FAE04EC0-301F-11D3-BF4B-00C04F79EFBC}") = "BimOpenMcp.Ifc", "src\mcp\BimOpenMcp.Ifc\BimOpenMcp.Ifc.csproj", "{06C6AD3F-BF05-4B03-AA92-111AB3D16878}"
EndProject
Project("{FAE04EC0-301F-11D3-BF4B-00C04F79EFBC}") = "Ara3D.IO.GltfExporter", "deps\ara3d-sdk\src\Ara3D.IO.GltfExporter\Ara3D.IO.GltfExporter.csproj", "{7B31E8FA-458A-47CF-84EE-1206A804BB19}"
EndProject
Project("{FAE04EC0-301F-11D3-BF4B-00C04F79EFBC}") = "Ara3D.MCP", "deps\ara3d-sdk\wip\Ara3D.MCP\Ara3D.MCP.csproj", "{2A0C4FDC-61FA-429C-BD7E-31CD55CA9A6A}"
EndProject
Project("{2150E333-8FDC-42A3-9474-1A3956D46DE8}") = "tests", "tests", "{0AB3BF05-4346-4AA6-1389-037BE0695223}"
EndProject
Project("{2150E333-8FDC-42A3-9474-1A3956D46DE8}") = "data", "data", "{1051BD71-A06F-1F81-0610-AC9897EA1EE8}"
EndProject
Project("{FAE04EC0-301F-11D3-BF4B-00C04F79EFBC}") = "Ara3D.BimOpenSchema.BuildingModel.Tests", "tests\data\Ara3D.BimOpenSchema.BuildingModel.Tests\Ara3D.BimOpenSchema.BuildingModel.Tests.csproj", "{7E915BD1-40BE-4104-BE82-38E94E055790}"
EndProject
Project("{FAE04EC0-301F-11D3-BF4B-00C04F79EFBC}") = "Ara3D.BimOpenSchema.BuildingModel.Workflows.Tests", "tests\data\Ara3D.BimOpenSchema.BuildingModel.Workflows.Tests\Ara3D.BimOpenSchema.BuildingModel.Workflows.Tests.csproj", "{E084123A-7156-45CD-972E-6875FD6E847A}"
EndProject
Project("{FAE04EC0-301F-11D3-BF4B-00C04F79EFBC}") = "Ara3D.BimOpenSchema.DataModel.Tests", "tests\data\Ara3D.BimOpenSchema.DataModel.Tests\Ara3D.BimOpenSchema.DataModel.Tests.csproj", "{78A7E963-9BDE-461E-AEB0-DD5F1FA2A38F}"
EndProject
Project("{FAE04EC0-301F-11D3-BF4B-00C04F79EFBC}") = "Ara3D.BimOpenSchema.DuckDb.Tests", "tests\data\Ara3D.BimOpenSchema.DuckDb.Tests\Ara3D.BimOpenSchema.DuckDb.Tests.csproj", "{C5BB0AB9-9673-4C85-8C1D-6B1B3BE67061}"
EndProject
Project("{FAE04EC0-301F-11D3-BF4B-00C04F79EFBC}") = "BimOpenData.TestSupport", "tests\BimOpenData.TestSupport\BimOpenData.TestSupport.csproj", "{EF5F40E2-9E03-4E9C-B1DD-E8AE4DDD7EC6}"
EndProject
Project("{FAE04EC0-301F-11D3-BF4B-00C04F79EFBC}") = "Ara3D.BimOpenSchema.Federation.Tests", "tests\data\Ara3D.BimOpenSchema.Federation.Tests\Ara3D.BimOpenSchema.Federation.Tests.csproj", "{9415B1B4-6945-40A0-9504-2763ECCD6993}"
EndProject
Project("{FAE04EC0-301F-11D3-BF4B-00C04F79EFBC}") = "Ara3D.BimOpenSchema.Harmonizer.Tests", "tests\data\Ara3D.BimOpenSchema.Harmonizer.Tests\Ara3D.BimOpenSchema.Harmonizer.Tests.csproj", "{B8229D4F-893A-4F69-B1D4-17BE5F8AA3B6}"
EndProject
Project("{FAE04EC0-301F-11D3-BF4B-00C04F79EFBC}") = "Ara3D.BimOpenSchema.Tests", "tests\data\Ara3D.BimOpenSchema.Tests\Ara3D.BimOpenSchema.Tests.csproj", "{4C246212-7622-4E36-BC31-453181ED25FD}"
EndProject
Project("{FAE04EC0-301F-11D3-BF4B-00C04F79EFBC}") = "Ara3D.IO.SharpGLTF", "deps\ara3d-sdk\src\Ara3D.IO.SharpGLTF\Ara3D.IO.SharpGLTF.csproj", "{A2DC7A22-96F7-4D3E-8F59-871CD93D6723}"
EndProject
Project("{FAE04EC0-301F-11D3-BF4B-00C04F79EFBC}") = "Ara3D.DoorClearance.Tests", "tests\data\Ara3D.DoorClearance.Tests\Ara3D.DoorClearance.Tests.csproj", "{DDE9CC43-D12E-4185-B044-D4108969280F}"
EndProject
Project("{FAE04EC0-301F-11D3-BF4B-00C04F79EFBC}") = "Ara3D.Ifc.Tests", "tests\data\Ara3D.Ifc.Tests\Ara3D.Ifc.Tests.csproj", "{685A6C62-153E-4288-BDDB-1EFCAEE7D003}"
EndProject
Project("{FAE04EC0-301F-11D3-BF4B-00C04F79EFBC}") = "Ara3D.IfcMeshingComparison", "tests\data\Ara3D.IfcMeshingComparison\Ara3D.IfcMeshingComparison.csproj", "{317AFF95-9ADE-4DAF-B209-4B0DB2F06F98}"
EndProject
Project("{2150E333-8FDC-42A3-9474-1A3956D46DE8}") = "mcp", "mcp", "{DA52C2E7-1281-792B-FC57-5A027D9011DB}"
EndProject
Project("{FAE04EC0-301F-11D3-BF4B-00C04F79EFBC}") = "BimOpenMcp.Ifc.Tests", "tests\mcp\BimOpenMcp.Ifc.Tests\BimOpenMcp.Ifc.Tests.csproj", "{557346CA-9D13-4885-B3B5-F14E16410BE5}"
EndProject
Project("{2150E333-8FDC-42A3-9474-1A3956D46DE8}") = "apps", "apps", "{1787FE1D-075E-9E68-7218-25F1BD1BBEAB}"
EndProject
Project("{FAE04EC0-301F-11D3-BF4B-00C04F79EFBC}") = "Ara3D.BimOpenSchema.Browser", "apps\Ara3D.BimOpenSchema.Browser\Ara3D.BimOpenSchema.Browser.csproj", "{D66F4C00-57F5-48C1-A4FE-0FD3BCA8E066}"
EndProject
Project("{FAE04EC0-301F-11D3-BF4B-00C04F79EFBC}") = "Ara3D.Utils.Wpf", "deps\ara3d-sdk\ext\Ara3D.Utils.Wpf\Ara3D.Utils.Wpf.csproj", "{2BD089E0-FC1C-4787-AC56-48C3E532FBB6}"
EndProject
Project("{2150E333-8FDC-42A3-9474-1A3956D46DE8}") = "tools", "tools", "{07C2787E-EAC7-C090-1BA3-A61EC2A24D84}"
EndProject
Project("{FAE04EC0-301F-11D3-BF4B-00C04F79EFBC}") = "Ara3D.IfcTypeGen", "tools\Ara3D.IfcTypeGen\Ara3D.IfcTypeGen.csproj", "{BC9CB97E-A3B8-4186-AEC1-441B900FA650}"
EndProject
Project("{FAE04EC0-301F-11D3-BF4B-00C04F79EFBC}") = "Ara3D.Parakeet", "deps\parakeet\Parakeet\Ara3D.Parakeet.csproj", "{7B5FE978-C23A-4075-BE85-4C017E67538E}"
EndProject
Project("{FAE04EC0-301F-11D3-BF4B-00C04F79EFBC}") = "Ara3D.Parakeet.Grammars", "deps\parakeet\Parakeet.Grammars\Ara3D.Parakeet.Grammars.csproj", "{4956293D-766A-4065-9DC7-7E37976A9D69}"
EndProject
Project("{FAE04EC0-301F-11D3-BF4B-00C04F79EFBC}") = "building-model-source-probe", "tools\building-model-source-probe\building-model-source-probe.csproj", "{4A2A49B1-B10C-402C-A13A-D2D32C6B077F}"
EndProject
Project("{FAE04EC0-301F-11D3-BF4B-00C04F79EFBC}") = "BuildingModel.Workflows.Cli", "tools\building-model-workflows\BuildingModel.Workflows.Cli.csproj", "{535BB1AF-BF99-4DDA-A419-E638AA4FDCAC}"
EndProject
Project("{FAE04EC0-301F-11D3-BF4B-00C04F79EFBC}") = "Ara3D.BimOpenSchema.IO.Gltf", "src\data\Ara3D.BimOpenSchema.IO.Gltf\Ara3D.BimOpenSchema.IO.Gltf.csproj", "{EEEB1D91-9B0A-4431-8395-C97251CA56C9}"
EndProject
Project("{FAE04EC0-301F-11D3-BF4B-00C04F79EFBC}") = "Ara3D.BimOpenSchema.IO.Gltf.Tests", "tests\data\Ara3D.BimOpenSchema.IO.Gltf.Tests\Ara3D.BimOpenSchema.IO.Gltf.Tests.csproj", "{76470A55-9FD5-4A9E-8E13-F6B36BA38D6E}"
EndProject
Project("{FAE04EC0-301F-11D3-BF4B-00C04F79EFBC}") = "Ara3D.BimOpenSchema.IO.Bcf", "src\data\Ara3D.BimOpenSchema.IO.Bcf\Ara3D.BimOpenSchema.IO.Bcf.csproj", "{DAA9ADDF-5F17-4155-A4B7-31B1AA11AD8D}"
EndProject
Project("{FAE04EC0-301F-11D3-BF4B-00C04F79EFBC}") = "Ara3D.BimOpenSchema.IO.Bcf.Tests", "tests\data\Ara3D.BimOpenSchema.IO.Bcf.Tests\Ara3D.BimOpenSchema.IO.Bcf.Tests.csproj", "{AD7CFEAC-0235-45AF-A1AC-5561A85F7AC1}"
EndProject
Project("{FAE04EC0-301F-11D3-BF4B-00C04F79EFBC}") = "Ara3D.BimOpenSchema.IO.Fragments", "src\data\Ara3D.BimOpenSchema.IO.Fragments\Ara3D.BimOpenSchema.IO.Fragments.csproj", "{7BEE5C9A-BFC7-42BC-AA7F-6E711D90E085}"
EndProject
Project("{FAE04EC0-301F-11D3-BF4B-00C04F79EFBC}") = "Ara3D.BimOpenSchema.IO.Fragments.Tests", "tests\data\Ara3D.BimOpenSchema.IO.Fragments.Tests\Ara3D.BimOpenSchema.IO.Fragments.Tests.csproj", "{9E67EB2E-8359-41E3-BD93-DB3A9FEE6831}"
EndProject
Project("{FAE04EC0-301F-11D3-BF4B-00C04F79EFBC}") = "Ara3D.BimOpenSchema.IO.Usd", "src\data\Ara3D.BimOpenSchema.IO.Usd\Ara3D.BimOpenSchema.IO.Usd.csproj", "{938CD2AE-5C4D-4D74-A334-985B77CBCC7E}"
EndProject
Project("{FAE04EC0-301F-11D3-BF4B-00C04F79EFBC}") = "Ara3D.BimOpenSchema.IO.Usd.Tests", "tests\data\Ara3D.BimOpenSchema.IO.Usd.Tests\Ara3D.BimOpenSchema.IO.Usd.Tests.csproj", "{668837CE-8ED1-429D-BB3D-169D310A3C0D}"
EndProject
Project("{FAE04EC0-301F-11D3-BF4B-00C04F79EFBC}") = "bos-to-usd", "tools\bos-to-usd\bos-to-usd.csproj", "{4FDFB12E-5AE1-42C8-8D4C-D7D30C4C8BBC}"
EndProject
Project("{FAE04EC0-301F-11D3-BF4B-00C04F79EFBC}") = "Ara3D.Ifc.Conventions", "src\data\Ara3D.Ifc.Conventions\Ara3D.Ifc.Conventions.csproj", "{74198C9D-8D7A-445E-A7BA-8B55EF5D2906}"
EndProject
Project("{FAE04EC0-301F-11D3-BF4B-00C04F79EFBC}") = "Ara3D.Ifc.Conventions.Tests", "tests\data\Ara3D.Ifc.Conventions.Tests\Ara3D.Ifc.Conventions.Tests.csproj", "{2FA32175-442E-4C11-B2A3-FE3A91B6931E}"
EndProject
Project("{FAE04EC0-301F-11D3-BF4B-00C04F79EFBC}") = "Ara3D.BimOpenSchema.ObjectModel.Tests", "tests\data\Ara3D.BimOpenSchema.ObjectModel.Tests\Ara3D.BimOpenSchema.ObjectModel.Tests.csproj", "{5A5DF5C3-E058-490D-84FF-D61AE9EBF870}"
EndProject
Global
	GlobalSection(SolutionConfigurationPlatforms) = preSolution
		Debug|Any CPU = Debug|Any CPU
		Debug|x64 = Debug|x64
		Debug|x86 = Debug|x86
		Release|Any CPU = Release|Any CPU
		Release|x64 = Release|x64
		Release|x86 = Release|x86
	EndGlobalSection
	GlobalSection(ProjectConfigurationPlatforms) = postSolution
		{02202C1A-9CEA-4B15-A154-7E0272B11D41}.Debug|Any CPU.ActiveCfg = Debug|Any CPU
		{02202C1A-9CEA-4B15-A154-7E0272B11D41}.Debug|Any CPU.Build.0 = Debug|Any CPU
		{02202C1A-9CEA-4B15-A154-7E0272B11D41}.Debug|x64.ActiveCfg = Debug|Any CPU
		{02202C1A-9CEA-4B15-A154-7E0272B11D41}.Debug|x64.Build.0 = Debug|Any CPU
		{02202C1A-9CEA-4B15-A154-7E0272B11D41}.Debug|x86.ActiveCfg = Debug|Any CPU
		{02202C1A-9CEA-4B15-A154-7E0272B11D41}.Debug|x86.Build.0 = Debug|Any CPU
		{02202C1A-9CEA-4B15-A154-7E0272B11D41}.Release|Any CPU.ActiveCfg = Release|Any CPU
		{02202C1A-9CEA-4B15-A154-7E0272B11D41}.Release|Any CPU.Build.0 = Release|Any CPU
		{02202C1A-9CEA-4B15-A154-7E0272B11D41}.Release|x64.ActiveCfg = Release|Any CPU
		{02202C1A-9CEA-4B15-A154-7E0272B11D41}.Release|x64.Build.0 = Release|Any CPU
		{02202C1A-9CEA-4B15-A154-7E0272B11D41}.Release|x86.ActiveCfg = Release|Any CPU
		{02202C1A-9CEA-4B15-A154-7E0272B11D41}.Release|x86.Build.0 = Release|Any CPU
		{CD5B2FFF-EADB-4E7B-8B12-BA58969F3F8A}.Debug|Any CPU.ActiveCfg = Debug|Any CPU
		{CD5B2FFF-EADB-4E7B-8B12-BA58969F3F8A}.Debug|Any CPU.Build.0 = Debug|Any CPU
		{CD5B2FFF-EADB-4E7B-8B12-BA58969F3F8A}.Debug|x64.ActiveCfg = Debug|Any CPU
		{CD5B2FFF-EADB-4E7B-8B12-BA58969F3F8A}.Debug|x64.Build.0 = Debug|Any CPU
		{CD5B2FFF-EADB-4E7B-8B12-BA58969F3F8A}.Debug|x86.ActiveCfg = Debug|Any CPU
		{CD5B2FFF-EADB-4E7B-8B12-BA58969F3F8A}.Debug|x86.Build.0 = Debug|Any CPU
		{CD5B2FFF-EADB-4E7B-8B12-BA58969F3F8A}.Release|Any CPU.ActiveCfg = Release|Any CPU
		{CD5B2FFF-EADB-4E7B-8B12-BA58969F3F8A}.Release|Any CPU.Build.0 = Release|Any CPU
		{CD5B2FFF-EADB-4E7B-8B12-BA58969F3F8A}.Release|x64.ActiveCfg = Release|Any CPU
		{CD5B2FFF-EADB-4E7B-8B12-BA58969F3F8A}.Release|x64.Build.0 = Release|Any CPU
		{CD5B2FFF-EADB-4E7B-8B12-BA58969F3F8A}.Release|x86.ActiveCfg = Release|Any CPU
		{CD5B2FFF-EADB-4E7B-8B12-BA58969F3F8A}.Release|x86.Build.0 = Release|Any CPU
		{01D64F12-BC68-4742-BF5A-0309F479A7FE}.Debug|Any CPU.ActiveCfg = Debug|Any CPU
		{01D64F12-BC68-4742-BF5A-0309F479A7FE}.Debug|Any CPU.Build.0 = Debug|Any CPU
		{01D64F12-BC68-4742-BF5A-0309F479A7FE}.Debug|x64.ActiveCfg = Debug|Any CPU
		{01D64F12-BC68-4742-BF5A-0309F479A7FE}.Debug|x64.Build.0 = Debug|Any CPU
		{01D64F12-BC68-4742-BF5A-0309F479A7FE}.Debug|x86.ActiveCfg = Debug|Any CPU
		{01D64F12-BC68-4742-BF5A-0309F479A7FE}.Debug|x86.Build.0 = Debug|Any CPU
		{01D64F12-BC68-4742-BF5A-0309F479A7FE}.Release|Any CPU.ActiveCfg = Release|Any CPU
		{01D64F12-BC68-4742-BF5A-0309F479A7FE}.Release|Any CPU.Build.0 = Release|Any CPU
		{01D64F12-BC68-4742-BF5A-0309F479A7FE}.Release|x64.ActiveCfg = Release|Any CPU
		{01D64F12-BC68-4742-BF5A-0309F479A7FE}.Release|x64.Build.0 = Release|Any CPU
		{01D64F12-BC68-4742-BF5A-0309F479A7FE}.Release|x86.ActiveCfg = Release|Any CPU
		{01D64F12-BC68-4742-BF5A-0309F479A7FE}.Release|x86.Build.0 = Release|Any CPU
		{BBFB44D3-33B0-49E9-AF72-B0C792318B2A}.Debug|Any CPU.ActiveCfg = Debug|Any CPU
		{BBFB44D3-33B0-49E9-AF72-B0C792318B2A}.Debug|Any CPU.Build.0 = Debug|Any CPU
		{BBFB44D3-33B0-49E9-AF72-B0C792318B2A}.Debug|x64.ActiveCfg = Debug|Any CPU
		{BBFB44D3-33B0-49E9-AF72-B0C792318B2A}.Debug|x64.Build.0 = Debug|Any CPU
		{BBFB44D3-33B0-49E9-AF72-B0C792318B2A}.Debug|x86.ActiveCfg = Debug|Any CPU
		{BBFB44D3-33B0-49E9-AF72-B0C792318B2A}.Debug|x86.Build.0 = Debug|Any CPU
		{BBFB44D3-33B0-49E9-AF72-B0C792318B2A}.Release|Any CPU.ActiveCfg = Release|Any CPU
		{BBFB44D3-33B0-49E9-AF72-B0C792318B2A}.Release|Any CPU.Build.0 = Release|Any CPU
		{BBFB44D3-33B0-49E9-AF72-B0C792318B2A}.Release|x64.ActiveCfg = Release|Any CPU
		{BBFB44D3-33B0-49E9-AF72-B0C792318B2A}.Release|x64.Build.0 = Release|Any CPU
		{BBFB44D3-33B0-49E9-AF72-B0C792318B2A}.Release|x86.ActiveCfg = Release|Any CPU
		{BBFB44D3-33B0-49E9-AF72-B0C792318B2A}.Release|x86.Build.0 = Release|Any CPU
		{4A4AB820-0CD1-4160-83AE-0515A8FBD9F4}.Debug|Any CPU.ActiveCfg = Debug|Any CPU
		{4A4AB820-0CD1-4160-83AE-0515A8FBD9F4}.Debug|Any CPU.Build.0 = Debug|Any CPU
		{4A4AB820-0CD1-4160-83AE-0515A8FBD9F4}.Debug|x64.ActiveCfg = Debug|Any CPU
		{4A4AB820-0CD1-4160-83AE-0515A8FBD9F4}.Debug|x64.Build.0 = Debug|Any CPU
		{4A4AB820-0CD1-4160-83AE-0515A8FBD9F4}.Debug|x86.ActiveCfg = Debug|Any CPU
		{4A4AB820-0CD1-4160-83AE-0515A8FBD9F4}.Debug|x86.Build.0 = Debug|Any CPU
		{4A4AB820-0CD1-4160-83AE-0515A8FBD9F4}.Release|Any CPU.ActiveCfg = Release|Any CPU
		{4A4AB820-0CD1-4160-83AE-0515A8FBD9F4}.Release|Any CPU.Build.0 = Release|Any CPU
		{4A4AB820-0CD1-4160-83AE-0515A8FBD9F4}.Release|x64.ActiveCfg = Release|Any CPU
		{4A4AB820-0CD1-4160-83AE-0515A8FBD9F4}.Release|x64.Build.0 = Release|Any CPU
		{4A4AB820-0CD1-4160-83AE-0515A8FBD9F4}.Release|x86.ActiveCfg = Release|Any CPU
		{4A4AB820-0CD1-4160-83AE-0515A8FBD9F4}.Release|x86.Build.0 = Release|Any CPU
		{C3EBF1F4-B3BF-4E3A-964B-42CA230A0BDA}.Debug|Any CPU.ActiveCfg = Debug|Any CPU
		{C3EBF1F4-B3BF-4E3A-964B-42CA230A0BDA}.Debug|Any CPU.Build.0 = Debug|Any CPU
		{C3EBF1F4-B3BF-4E3A-964B-42CA230A0BDA}.Debug|x64.ActiveCfg = Debug|Any CPU
		{C3EBF1F4-B3BF-4E3A-964B-42CA230A0BDA}.Debug|x64.Build.0 = Debug|Any CPU
		{C3EBF1F4-B3BF-4E3A-964B-42CA230A0BDA}.Debug|x86.ActiveCfg = Debug|Any CPU
		{C3EBF1F4-B3BF-4E3A-964B-42CA230A0BDA}.Debug|x86.Build.0 = Debug|Any CPU
		{C3EBF1F4-B3BF-4E3A-964B-42CA230A0BDA}.Release|Any CPU.ActiveCfg = Release|Any CPU
		{C3EBF1F4-B3BF-4E3A-964B-42CA230A0BDA}.Release|Any CPU.Build.0 = Release|Any CPU
		{C3EBF1F4-B3BF-4E3A-964B-42CA230A0BDA}.Release|x64.ActiveCfg = Release|Any CPU
		{C3EBF1F4-B3BF-4E3A-964B-42CA230A0BDA}.Release|x64.Build.0 = Release|Any CPU
		{C3EBF1F4-B3BF-4E3A-964B-42CA230A0BDA}.Release|x86.ActiveCfg = Release|Any CPU
		{C3EBF1F4-B3BF-4E3A-964B-42CA230A0BDA}.Release|x86.Build.0 = Release|Any CPU
		{0C716590-6463-487C-B807-C5C672D331BD}.Debug|Any CPU.ActiveCfg = Debug|Any CPU
		{0C716590-6463-487C-B807-C5C672D331BD}.Debug|Any CPU.Build.0 = Debug|Any CPU
		{0C716590-6463-487C-B807-C5C672D331BD}.Debug|x64.ActiveCfg = Debug|Any CPU
		{0C716590-6463-487C-B807-C5C672D331BD}.Debug|x64.Build.0 = Debug|Any CPU
		{0C716590-6463-487C-B807-C5C672D331BD}.Debug|x86.ActiveCfg = Debug|Any CPU
		{0C716590-6463-487C-B807-C5C672D331BD}.Debug|x86.Build.0 = Debug|Any CPU
		{0C716590-6463-487C-B807-C5C672D331BD}.Release|Any CPU.ActiveCfg = Release|Any CPU
		{0C716590-6463-487C-B807-C5C672D331BD}.Release|Any CPU.Build.0 = Release|Any CPU
		{0C716590-6463-487C-B807-C5C672D331BD}.Release|x64.ActiveCfg = Release|Any CPU
		{0C716590-6463-487C-B807-C5C672D331BD}.Release|x64.Build.0 = Release|Any CPU
		{0C716590-6463-487C-B807-C5C672D331BD}.Release|x86.ActiveCfg = Release|Any CPU
		{0C716590-6463-487C-B807-C5C672D331BD}.Release|x86.Build.0 = Release|Any CPU
		{2028344E-10F1-4ADB-B129-75C9A7A3D91F}.Debug|Any CPU.ActiveCfg = Debug|Any CPU
		{2028344E-10F1-4ADB-B129-75C9A7A3D91F}.Debug|Any CPU.Build.0 = Debug|Any CPU
		{2028344E-10F1-4ADB-B129-75C9A7A3D91F}.Debug|x64.ActiveCfg = Debug|x64
		{2028344E-10F1-4ADB-B129-75C9A7A3D91F}.Debug|x64.Build.0 = Debug|x64
		{2028344E-10F1-4ADB-B129-75C9A7A3D91F}.Debug|x86.ActiveCfg = Debug|Any CPU
		{2028344E-10F1-4ADB-B129-75C9A7A3D91F}.Debug|x86.Build.0 = Debug|Any CPU
		{2028344E-10F1-4ADB-B129-75C9A7A3D91F}.Release|Any CPU.ActiveCfg = Release|Any CPU
		{2028344E-10F1-4ADB-B129-75C9A7A3D91F}.Release|Any CPU.Build.0 = Release|Any CPU
		{2028344E-10F1-4ADB-B129-75C9A7A3D91F}.Release|x64.ActiveCfg = Release|x64
		{2028344E-10F1-4ADB-B129-75C9A7A3D91F}.Release|x64.Build.0 = Release|x64
		{2028344E-10F1-4ADB-B129-75C9A7A3D91F}.Release|x86.ActiveCfg = Release|Any CPU
		{2028344E-10F1-4ADB-B129-75C9A7A3D91F}.Release|x86.Build.0 = Release|Any CPU
		{23286EB2-55C9-4034-A498-FC7F5B17145F}.Debug|Any CPU.ActiveCfg = Debug|Any CPU
		{23286EB2-55C9-4034-A498-FC7F5B17145F}.Debug|Any CPU.Build.0 = Debug|Any CPU
		{23286EB2-55C9-4034-A498-FC7F5B17145F}.Debug|x64.ActiveCfg = Debug|x64
		{23286EB2-55C9-4034-A498-FC7F5B17145F}.Debug|x64.Build.0 = Debug|x64
		{23286EB2-55C9-4034-A498-FC7F5B17145F}.Debug|x86.ActiveCfg = Debug|Any CPU
		{23286EB2-55C9-4034-A498-FC7F5B17145F}.Debug|x86.Build.0 = Debug|Any CPU
		{23286EB2-55C9-4034-A498-FC7F5B17145F}.Release|Any CPU.ActiveCfg = Release|Any CPU
		{23286EB2-55C9-4034-A498-FC7F5B17145F}.Release|Any CPU.Build.0 = Release|Any CPU
		{23286EB2-55C9-4034-A498-FC7F5B17145F}.Release|x64.ActiveCfg = Release|x64
		{23286EB2-55C9-4034-A498-FC7F5B17145F}.Release|x64.Build.0 = Release|x64
		{23286EB2-55C9-4034-A498-FC7F5B17145F}.Release|x86.ActiveCfg = Release|Any CPU
		{23286EB2-55C9-4034-A498-FC7F5B17145F}.Release|x86.Build.0 = Release|Any CPU
		{76F7E90A-A93E-46AC-8C47-67F3352155D0}.Debug|Any CPU.ActiveCfg = Debug|Any CPU
		{76F7E90A-A93E-46AC-8C47-67F3352155D0}.Debug|Any CPU.Build.0 = Debug|Any CPU
		{76F7E90A-A93E-46AC-8C47-67F3352155D0}.Debug|x64.ActiveCfg = Debug|x64
		{76F7E90A-A93E-46AC-8C47-67F3352155D0}.Debug|x64.Build.0 = Debug|x64
		{76F7E90A-A93E-46AC-8C47-67F3352155D0}.Debug|x86.ActiveCfg = Debug|Any CPU
		{76F7E90A-A93E-46AC-8C47-67F3352155D0}.Debug|x86.Build.0 = Debug|Any CPU
		{76F7E90A-A93E-46AC-8C47-67F3352155D0}.Release|Any CPU.ActiveCfg = Release|Any CPU
		{76F7E90A-A93E-46AC-8C47-67F3352155D0}.Release|Any CPU.Build.0 = Release|Any CPU
		{76F7E90A-A93E-46AC-8C47-67F3352155D0}.Release|x64.ActiveCfg = Release|x64
		{76F7E90A-A93E-46AC-8C47-67F3352155D0}.Release|x64.Build.0 = Release|x64
		{76F7E90A-A93E-46AC-8C47-67F3352155D0}.Release|x86.ActiveCfg = Release|Any CPU
		{76F7E90A-A93E-46AC-8C47-67F3352155D0}.Release|x86.Build.0 = Release|Any CPU
		{6A1D3000-C9B7-47C8-946C-06A5E099D2D4}.Debug|Any CPU.ActiveCfg = Debug|Any CPU
		{6A1D3000-C9B7-47C8-946C-06A5E099D2D4}.Debug|Any CPU.Build.0 = Debug|Any CPU
		{6A1D3000-C9B7-47C8-946C-06A5E099D2D4}.Debug|x64.ActiveCfg = Debug|Any CPU
		{6A1D3000-C9B7-47C8-946C-06A5E099D2D4}.Debug|x64.Build.0 = Debug|Any CPU
		{6A1D3000-C9B7-47C8-946C-06A5E099D2D4}.Debug|x86.ActiveCfg = Debug|Any CPU
		{6A1D3000-C9B7-47C8-946C-06A5E099D2D4}.Debug|x86.Build.0 = Debug|Any CPU
		{6A1D3000-C9B7-47C8-946C-06A5E099D2D4}.Release|Any CPU.ActiveCfg = Release|Any CPU
		{6A1D3000-C9B7-47C8-946C-06A5E099D2D4}.Release|Any CPU.Build.0 = Release|Any CPU
		{6A1D3000-C9B7-47C8-946C-06A5E099D2D4}.Release|x64.ActiveCfg = Release|Any CPU
		{6A1D3000-C9B7-47C8-946C-06A5E099D2D4}.Release|x64.Build.0 = Release|Any CPU
		{6A1D3000-C9B7-47C8-946C-06A5E099D2D4}.Release|x86.ActiveCfg = Release|Any CPU
		{6A1D3000-C9B7-47C8-946C-06A5E099D2D4}.Release|x86.Build.0 = Release|Any CPU
		{22E415C0-CC08-42C1-BE27-1A7F3E6EC465}.Debug|Any CPU.ActiveCfg = Debug|Any CPU
		{22E415C0-CC08-42C1-BE27-1A7F3E6EC465}.Debug|Any CPU.Build.0 = Debug|Any CPU
		{22E415C0-CC08-42C1-BE27-1A7F3E6EC465}.Debug|x64.ActiveCfg = Debug|Any CPU
		{22E415C0-CC08-42C1-BE27-1A7F3E6EC465}.Debug|x64.Build.0 = Debug|Any CPU
		{22E415C0-CC08-42C1-BE27-1A7F3E6EC465}.Debug|x86.ActiveCfg = Debug|Any CPU
		{22E415C0-CC08-42C1-BE27-1A7F3E6EC465}.Debug|x86.Build.0 = Debug|Any CPU
		{22E415C0-CC08-42C1-BE27-1A7F3E6EC465}.Release|Any CPU.ActiveCfg = Release|Any CPU
		{22E415C0-CC08-42C1-BE27-1A7F3E6EC465}.Release|Any CPU.Build.0 = Release|Any CPU
		{22E415C0-CC08-42C1-BE27-1A7F3E6EC465}.Release|x64.ActiveCfg = Release|Any CPU
		{22E415C0-CC08-42C1-BE27-1A7F3E6EC465}.Release|x64.Build.0 = Release|Any CPU
		{22E415C0-CC08-42C1-BE27-1A7F3E6EC465}.Release|x86.ActiveCfg = Release|Any CPU
		{22E415C0-CC08-42C1-BE27-1A7F3E6EC465}.Release|x86.Build.0 = Release|Any CPU
		{35897BC2-D1C5-450E-ABFA-28B187EA785C}.Debug|Any CPU.ActiveCfg = Debug|Any CPU
		{35897BC2-D1C5-450E-ABFA-28B187EA785C}.Debug|Any CPU.Build.0 = Debug|Any CPU
		{35897BC2-D1C5-450E-ABFA-28B187EA785C}.Debug|x64.ActiveCfg = Debug|Any CPU
		{35897BC2-D1C5-450E-ABFA-28B187EA785C}.Debug|x64.Build.0 = Debug|Any CPU
		{35897BC2-D1C5-450E-ABFA-28B187EA785C}.Debug|x86.ActiveCfg = Debug|Any CPU
		{35897BC2-D1C5-450E-ABFA-28B187EA785C}.Debug|x86.Build.0 = Debug|Any CPU
		{35897BC2-D1C5-450E-ABFA-28B187EA785C}.Release|Any CPU.ActiveCfg = Release|Any CPU
		{35897BC2-D1C5-450E-ABFA-28B187EA785C}.Release|Any CPU.Build.0 = Release|Any CPU
		{35897BC2-D1C5-450E-ABFA-28B187EA785C}.Release|x64.ActiveCfg = Release|Any CPU
		{35897BC2-D1C5-450E-ABFA-28B187EA785C}.Release|x64.Build.0 = Release|Any CPU
		{35897BC2-D1C5-450E-ABFA-28B187EA785C}.Release|x86.ActiveCfg = Release|Any CPU
		{35897BC2-D1C5-450E-ABFA-28B187EA785C}.Release|x86.Build.0 = Release|Any CPU
		{CE0DA9AA-64E4-4FE8-A63A-E210C7D9A118}.Debug|Any CPU.ActiveCfg = Debug|Any CPU
		{CE0DA9AA-64E4-4FE8-A63A-E210C7D9A118}.Debug|Any CPU.Build.0 = Debug|Any CPU
		{CE0DA9AA-64E4-4FE8-A63A-E210C7D9A118}.Debug|x64.ActiveCfg = Debug|Any CPU
		{CE0DA9AA-64E4-4FE8-A63A-E210C7D9A118}.Debug|x64.Build.0 = Debug|Any CPU
		{CE0DA9AA-64E4-4FE8-A63A-E210C7D9A118}.Debug|x86.ActiveCfg = Debug|Any CPU
		{CE0DA9AA-64E4-4FE8-A63A-E210C7D9A118}.Debug|x86.Build.0 = Debug|Any CPU
		{CE0DA9AA-64E4-4FE8-A63A-E210C7D9A118}.Release|Any CPU.ActiveCfg = Release|Any CPU
		{CE0DA9AA-64E4-4FE8-A63A-E210C7D9A118}.Release|Any CPU.Build.0 = Release|Any CPU
		{CE0DA9AA-64E4-4FE8-A63A-E210C7D9A118}.Release|x64.ActiveCfg = Release|Any CPU
		{CE0DA9AA-64E4-4FE8-A63A-E210C7D9A118}.Release|x64.Build.0 = Release|Any CPU
		{CE0DA9AA-64E4-4FE8-A63A-E210C7D9A118}.Release|x86.ActiveCfg = Release|Any CPU
		{CE0DA9AA-64E4-4FE8-A63A-E210C7D9A118}.Release|x86.Build.0 = Release|Any CPU
		{15D6070A-A4A6-4EBE-9CDB-8843D8046B7C}.Debug|Any CPU.ActiveCfg = Debug|Any CPU
		{15D6070A-A4A6-4EBE-9CDB-8843D8046B7C}.Debug|Any CPU.Build.0 = Debug|Any CPU
		{15D6070A-A4A6-4EBE-9CDB-8843D8046B7C}.Debug|x64.ActiveCfg = Debug|x64
		{15D6070A-A4A6-4EBE-9CDB-8843D8046B7C}.Debug|x64.Build.0 = Debug|x64
		{15D6070A-A4A6-4EBE-9CDB-8843D8046B7C}.Debug|x86.ActiveCfg = Debug|Any CPU
		{15D6070A-A4A6-4EBE-9CDB-8843D8046B7C}.Debug|x86.Build.0 = Debug|Any CPU
		{15D6070A-A4A6-4EBE-9CDB-8843D8046B7C}.Release|Any CPU.ActiveCfg = Release|Any CPU
		{15D6070A-A4A6-4EBE-9CDB-8843D8046B7C}.Release|Any CPU.Build.0 = Release|Any CPU
		{15D6070A-A4A6-4EBE-9CDB-8843D8046B7C}.Release|x64.ActiveCfg = Release|x64
		{15D6070A-A4A6-4EBE-9CDB-8843D8046B7C}.Release|x64.Build.0 = Release|x64
		{15D6070A-A4A6-4EBE-9CDB-8843D8046B7C}.Release|x86.ActiveCfg = Release|Any CPU
		{15D6070A-A4A6-4EBE-9CDB-8843D8046B7C}.Release|x86.Build.0 = Release|Any CPU
		{5436EFE0-AAA5-414F-AD64-4DBA18A876B0}.Debug|Any CPU.ActiveCfg = Debug|Any CPU
		{5436EFE0-AAA5-414F-AD64-4DBA18A876B0}.Debug|Any CPU.Build.0 = Debug|Any CPU
		{5436EFE0-AAA5-414F-AD64-4DBA18A876B0}.Debug|x64.ActiveCfg = Debug|x64
		{5436EFE0-AAA5-414F-AD64-4DBA18A876B0}.Debug|x64.Build.0 = Debug|x64
		{5436EFE0-AAA5-414F-AD64-4DBA18A876B0}.Debug|x86.ActiveCfg = Debug|Any CPU
		{5436EFE0-AAA5-414F-AD64-4DBA18A876B0}.Debug|x86.Build.0 = Debug|Any CPU
		{5436EFE0-AAA5-414F-AD64-4DBA18A876B0}.Release|Any CPU.ActiveCfg = Release|Any CPU
		{5436EFE0-AAA5-414F-AD64-4DBA18A876B0}.Release|Any CPU.Build.0 = Release|Any CPU
		{5436EFE0-AAA5-414F-AD64-4DBA18A876B0}.Release|x64.ActiveCfg = Release|x64
		{5436EFE0-AAA5-414F-AD64-4DBA18A876B0}.Release|x64.Build.0 = Release|x64
		{5436EFE0-AAA5-414F-AD64-4DBA18A876B0}.Release|x86.ActiveCfg = Release|Any CPU
		{5436EFE0-AAA5-414F-AD64-4DBA18A876B0}.Release|x86.Build.0 = Release|Any CPU
		{F21D625E-2F6B-49B1-B9B7-D50C2D05233E}.Debug|Any CPU.ActiveCfg = Debug|Any CPU
		{F21D625E-2F6B-49B1-B9B7-D50C2D05233E}.Debug|Any CPU.Build.0 = Debug|Any CPU
		{F21D625E-2F6B-49B1-B9B7-D50C2D05233E}.Debug|x64.ActiveCfg = Debug|x64
		{F21D625E-2F6B-49B1-B9B7-D50C2D05233E}.Debug|x64.Build.0 = Debug|x64
		{F21D625E-2F6B-49B1-B9B7-D50C2D05233E}.Debug|x86.ActiveCfg = Debug|Any CPU
		{F21D625E-2F6B-49B1-B9B7-D50C2D05233E}.Debug|x86.Build.0 = Debug|Any CPU
		{F21D625E-2F6B-49B1-B9B7-D50C2D05233E}.Release|Any CPU.ActiveCfg = Release|Any CPU
		{F21D625E-2F6B-49B1-B9B7-D50C2D05233E}.Release|Any CPU.Build.0 = Release|Any CPU
		{F21D625E-2F6B-49B1-B9B7-D50C2D05233E}.Release|x64.ActiveCfg = Release|x64
		{F21D625E-2F6B-49B1-B9B7-D50C2D05233E}.Release|x64.Build.0 = Release|x64
		{F21D625E-2F6B-49B1-B9B7-D50C2D05233E}.Release|x86.ActiveCfg = Release|Any CPU
		{F21D625E-2F6B-49B1-B9B7-D50C2D05233E}.Release|x86.Build.0 = Release|Any CPU
		{D9313872-3BF1-402A-B434-9CBB2D7E7A0A}.Debug|Any CPU.ActiveCfg = Debug|Any CPU
		{D9313872-3BF1-402A-B434-9CBB2D7E7A0A}.Debug|Any CPU.Build.0 = Debug|Any CPU
		{D9313872-3BF1-402A-B434-9CBB2D7E7A0A}.Debug|x64.ActiveCfg = Debug|x64
		{D9313872-3BF1-402A-B434-9CBB2D7E7A0A}.Debug|x64.Build.0 = Debug|x64
		{D9313872-3BF1-402A-B434-9CBB2D7E7A0A}.Debug|x86.ActiveCfg = Debug|Any CPU
		{D9313872-3BF1-402A-B434-9CBB2D7E7A0A}.Debug|x86.Build.0 = Debug|Any CPU
		{D9313872-3BF1-402A-B434-9CBB2D7E7A0A}.Release|Any CPU.ActiveCfg = Release|Any CPU
		{D9313872-3BF1-402A-B434-9CBB2D7E7A0A}.Release|Any CPU.Build.0 = Release|Any CPU
		{D9313872-3BF1-402A-B434-9CBB2D7E7A0A}.Release|x64.ActiveCfg = Release|x64
		{D9313872-3BF1-402A-B434-9CBB2D7E7A0A}.Release|x64.Build.0 = Release|x64
		{D9313872-3BF1-402A-B434-9CBB2D7E7A0A}.Release|x86.ActiveCfg = Release|Any CPU
		{D9313872-3BF1-402A-B434-9CBB2D7E7A0A}.Release|x86.Build.0 = Release|Any CPU
		{3C0463DA-A90A-4909-8CDF-33C03F5DFE1A}.Debug|Any CPU.ActiveCfg = Debug|Any CPU
		{3C0463DA-A90A-4909-8CDF-33C03F5DFE1A}.Debug|Any CPU.Build.0 = Debug|Any CPU
		{3C0463DA-A90A-4909-8CDF-33C03F5DFE1A}.Debug|x64.ActiveCfg = Debug|x64
		{3C0463DA-A90A-4909-8CDF-33C03F5DFE1A}.Debug|x64.Build.0 = Debug|x64
		{3C0463DA-A90A-4909-8CDF-33C03F5DFE1A}.Debug|x86.ActiveCfg = Debug|Any CPU
		{3C0463DA-A90A-4909-8CDF-33C03F5DFE1A}.Debug|x86.Build.0 = Debug|Any CPU
		{3C0463DA-A90A-4909-8CDF-33C03F5DFE1A}.Release|Any CPU.ActiveCfg = Release|Any CPU
		{3C0463DA-A90A-4909-8CDF-33C03F5DFE1A}.Release|Any CPU.Build.0 = Release|Any CPU
		{3C0463DA-A90A-4909-8CDF-33C03F5DFE1A}.Release|x64.ActiveCfg = Release|x64
		{3C0463DA-A90A-4909-8CDF-33C03F5DFE1A}.Release|x64.Build.0 = Release|x64
		{3C0463DA-A90A-4909-8CDF-33C03F5DFE1A}.Release|x86.ActiveCfg = Release|Any CPU
		{3C0463DA-A90A-4909-8CDF-33C03F5DFE1A}.Release|x86.Build.0 = Release|Any CPU
		{B1F0091F-4322-4EDE-ABF7-909D4722F600}.Debug|Any CPU.ActiveCfg = Debug|Any CPU
		{B1F0091F-4322-4EDE-ABF7-909D4722F600}.Debug|Any CPU.Build.0 = Debug|Any CPU
		{B1F0091F-4322-4EDE-ABF7-909D4722F600}.Debug|x64.ActiveCfg = Debug|Any CPU
		{B1F0091F-4322-4EDE-ABF7-909D4722F600}.Debug|x64.Build.0 = Debug|Any CPU
		{B1F0091F-4322-4EDE-ABF7-909D4722F600}.Debug|x86.ActiveCfg = Debug|Any CPU
		{B1F0091F-4322-4EDE-ABF7-909D4722F600}.Debug|x86.Build.0 = Debug|Any CPU
		{B1F0091F-4322-4EDE-ABF7-909D4722F600}.Release|Any CPU.ActiveCfg = Release|Any CPU
		{B1F0091F-4322-4EDE-ABF7-909D4722F600}.Release|Any CPU.Build.0 = Release|Any CPU
		{B1F0091F-4322-4EDE-ABF7-909D4722F600}.Release|x64.ActiveCfg = Release|Any CPU
		{B1F0091F-4322-4EDE-ABF7-909D4722F600}.Release|x64.Build.0 = Release|Any CPU
		{B1F0091F-4322-4EDE-ABF7-909D4722F600}.Release|x86.ActiveCfg = Release|Any CPU
		{B1F0091F-4322-4EDE-ABF7-909D4722F600}.Release|x86.Build.0 = Release|Any CPU
		{3BECAF3F-6C0B-4B42-97D4-5395169D6A61}.Debug|Any CPU.ActiveCfg = Debug|Any CPU
		{3BECAF3F-6C0B-4B42-97D4-5395169D6A61}.Debug|Any CPU.Build.0 = Debug|Any CPU
		{3BECAF3F-6C0B-4B42-97D4-5395169D6A61}.Debug|x64.ActiveCfg = Debug|x64
		{3BECAF3F-6C0B-4B42-97D4-5395169D6A61}.Debug|x64.Build.0 = Debug|x64
		{3BECAF3F-6C0B-4B42-97D4-5395169D6A61}.Debug|x86.ActiveCfg = Debug|Any CPU
		{3BECAF3F-6C0B-4B42-97D4-5395169D6A61}.Debug|x86.Build.0 = Debug|Any CPU
		{3BECAF3F-6C0B-4B42-97D4-5395169D6A61}.Release|Any CPU.ActiveCfg = Release|Any CPU
		{3BECAF3F-6C0B-4B42-97D4-5395169D6A61}.Release|Any CPU.Build.0 = Release|Any CPU
		{3BECAF3F-6C0B-4B42-97D4-5395169D6A61}.Release|x64.ActiveCfg = Release|x64
		{3BECAF3F-6C0B-4B42-97D4-5395169D6A61}.Release|x64.Build.0 = Release|x64
		{3BECAF3F-6C0B-4B42-97D4-5395169D6A61}.Release|x86.ActiveCfg = Release|Any CPU
		{3BECAF3F-6C0B-4B42-97D4-5395169D6A61}.Release|x86.Build.0 = Release|Any CPU
		{67E6BE1B-8164-41DB-8699-068D9CDD9C82}.Debug|Any CPU.ActiveCfg = Debug|Any CPU
		{67E6BE1B-8164-41DB-8699-068D9CDD9C82}.Debug|Any CPU.Build.0 = Debug|Any CPU
		{67E6BE1B-8164-41DB-8699-068D9CDD9C82}.Debug|x64.ActiveCfg = Debug|Any CPU
		{67E6BE1B-8164-41DB-8699-068D9CDD9C82}.Debug|x64.Build.0 = Debug|Any CPU
		{67E6BE1B-8164-41DB-8699-068D9CDD9C82}.Debug|x86.ActiveCfg = Debug|Any CPU
		{67E6BE1B-8164-41DB-8699-068D9CDD9C82}.Debug|x86.Build.0 = Debug|Any CPU
		{67E6BE1B-8164-41DB-8699-068D9CDD9C82}.Release|Any CPU.ActiveCfg = Release|Any CPU
		{67E6BE1B-8164-41DB-8699-068D9CDD9C82}.Release|Any CPU.Build.0 = Release|Any CPU
		{67E6BE1B-8164-41DB-8699-068D9CDD9C82}.Release|x64.ActiveCfg = Release|Any CPU
		{67E6BE1B-8164-41DB-8699-068D9CDD9C82}.Release|x64.Build.0 = Release|Any CPU
		{67E6BE1B-8164-41DB-8699-068D9CDD9C82}.Release|x86.ActiveCfg = Release|Any CPU
		{67E6BE1B-8164-41DB-8699-068D9CDD9C82}.Release|x86.Build.0 = Release|Any CPU
		{6237ED39-A859-43B9-8641-F106F777BD33}.Debug|Any CPU.ActiveCfg = Debug|Any CPU
		{6237ED39-A859-43B9-8641-F106F777BD33}.Debug|Any CPU.Build.0 = Debug|Any CPU
		{6237ED39-A859-43B9-8641-F106F777BD33}.Debug|x64.ActiveCfg = Debug|Any CPU
		{6237ED39-A859-43B9-8641-F106F777BD33}.Debug|x64.Build.0 = Debug|Any CPU
		{6237ED39-A859-43B9-8641-F106F777BD33}.Debug|x86.ActiveCfg = Debug|Any CPU
		{6237ED39-A859-43B9-8641-F106F777BD33}.Debug|x86.Build.0 = Debug|Any CPU
		{6237ED39-A859-43B9-8641-F106F777BD33}.Release|Any CPU.ActiveCfg = Release|Any CPU
		{6237ED39-A859-43B9-8641-F106F777BD33}.Release|Any CPU.Build.0 = Release|Any CPU
		{6237ED39-A859-43B9-8641-F106F777BD33}.Release|x64.ActiveCfg = Release|Any CPU
		{6237ED39-A859-43B9-8641-F106F777BD33}.Release|x64.Build.0 = Release|Any CPU
		{6237ED39-A859-43B9-8641-F106F777BD33}.Release|x86.ActiveCfg = Release|Any CPU
		{6237ED39-A859-43B9-8641-F106F777BD33}.Release|x86.Build.0 = Release|Any CPU
		{A5A03E0C-612C-4859-92F6-2A326D5DAB56}.Debug|Any CPU.ActiveCfg = Debug|Any CPU
		{A5A03E0C-612C-4859-92F6-2A326D5DAB56}.Debug|Any CPU.Build.0 = Debug|Any CPU
		{A5A03E0C-612C-4859-92F6-2A326D5DAB56}.Debug|x64.ActiveCfg = Debug|Any CPU
		{A5A03E0C-612C-4859-92F6-2A326D5DAB56}.Debug|x64.Build.0 = Debug|Any CPU
		{A5A03E0C-612C-4859-92F6-2A326D5DAB56}.Debug|x86.ActiveCfg = Debug|Any CPU
		{A5A03E0C-612C-4859-92F6-2A326D5DAB56}.Debug|x86.Build.0 = Debug|Any CPU
		{A5A03E0C-612C-4859-92F6-2A326D5DAB56}.Release|Any CPU.ActiveCfg = Release|Any CPU
		{A5A03E0C-612C-4859-92F6-2A326D5DAB56}.Release|Any CPU.Build.0 = Release|Any CPU
		{A5A03E0C-612C-4859-92F6-2A326D5DAB56}.Release|x64.ActiveCfg = Release|Any CPU
		{A5A03E0C-612C-4859-92F6-2A326D5DAB56}.Release|x64.Build.0 = Release|Any CPU
		{A5A03E0C-612C-4859-92F6-2A326D5DAB56}.Release|x86.ActiveCfg = Release|Any CPU
		{A5A03E0C-612C-4859-92F6-2A326D5DAB56}.Release|x86.Build.0 = Release|Any CPU
		{B6256F65-ABC6-4D41-9C3A-E2024F179A4B}.Debug|Any CPU.ActiveCfg = Debug|Any CPU
		{B6256F65-ABC6-4D41-9C3A-E2024F179A4B}.Debug|Any CPU.Build.0 = Debug|Any CPU
		{B6256F65-ABC6-4D41-9C3A-E2024F179A4B}.Debug|x64.ActiveCfg = Debug|x64
		{B6256F65-ABC6-4D41-9C3A-E2024F179A4B}.Debug|x64.Build.0 = Debug|x64
		{B6256F65-ABC6-4D41-9C3A-E2024F179A4B}.Debug|x86.ActiveCfg = Debug|Any CPU
		{B6256F65-ABC6-4D41-9C3A-E2024F179A4B}.Debug|x86.Build.0 = Debug|Any CPU
		{B6256F65-ABC6-4D41-9C3A-E2024F179A4B}.Release|Any CPU.ActiveCfg = Release|Any CPU
		{B6256F65-ABC6-4D41-9C3A-E2024F179A4B}.Release|Any CPU.Build.0 = Release|Any CPU
		{B6256F65-ABC6-4D41-9C3A-E2024F179A4B}.Release|x64.ActiveCfg = Release|x64
		{B6256F65-ABC6-4D41-9C3A-E2024F179A4B}.Release|x64.Build.0 = Release|x64
		{B6256F65-ABC6-4D41-9C3A-E2024F179A4B}.Release|x86.ActiveCfg = Release|Any CPU
		{B6256F65-ABC6-4D41-9C3A-E2024F179A4B}.Release|x86.Build.0 = Release|Any CPU
		{D6EB46F8-D09A-4EE8-8E15-8CA17688DC78}.Debug|Any CPU.ActiveCfg = Debug|Any CPU
		{D6EB46F8-D09A-4EE8-8E15-8CA17688DC78}.Debug|Any CPU.Build.0 = Debug|Any CPU
		{D6EB46F8-D09A-4EE8-8E15-8CA17688DC78}.Debug|x64.ActiveCfg = Debug|Any CPU
		{D6EB46F8-D09A-4EE8-8E15-8CA17688DC78}.Debug|x64.Build.0 = Debug|Any CPU
		{D6EB46F8-D09A-4EE8-8E15-8CA17688DC78}.Debug|x86.ActiveCfg = Debug|Any CPU
		{D6EB46F8-D09A-4EE8-8E15-8CA17688DC78}.Debug|x86.Build.0 = Debug|Any CPU
		{D6EB46F8-D09A-4EE8-8E15-8CA17688DC78}.Release|Any CPU.ActiveCfg = Release|Any CPU
		{D6EB46F8-D09A-4EE8-8E15-8CA17688DC78}.Release|Any CPU.Build.0 = Release|Any CPU
		{D6EB46F8-D09A-4EE8-8E15-8CA17688DC78}.Release|x64.ActiveCfg = Release|Any CPU
		{D6EB46F8-D09A-4EE8-8E15-8CA17688DC78}.Release|x64.Build.0 = Release|Any CPU
		{D6EB46F8-D09A-4EE8-8E15-8CA17688DC78}.Release|x86.ActiveCfg = Release|Any CPU
		{D6EB46F8-D09A-4EE8-8E15-8CA17688DC78}.Release|x86.Build.0 = Release|Any CPU
		{5692FA49-099E-4069-8055-136CDB8D7960}.Debug|Any CPU.ActiveCfg = Debug|Any CPU
		{5692FA49-099E-4069-8055-136CDB8D7960}.Debug|Any CPU.Build.0 = Debug|Any CPU
		{5692FA49-099E-4069-8055-136CDB8D7960}.Debug|x64.ActiveCfg = Debug|Any CPU
		{5692FA49-099E-4069-8055-136CDB8D7960}.Debug|x64.Build.0 = Debug|Any CPU
		{5692FA49-099E-4069-8055-136CDB8D7960}.Debug|x86.ActiveCfg = Debug|Any CPU
		{5692FA49-099E-4069-8055-136CDB8D7960}.Debug|x86.Build.0 = Debug|Any CPU
		{5692FA49-099E-4069-8055-136CDB8D7960}.Release|Any CPU.ActiveCfg = Release|Any CPU
		{5692FA49-099E-4069-8055-136CDB8D7960}.Release|Any CPU.Build.0 = Release|Any CPU
		{5692FA49-099E-4069-8055-136CDB8D7960}.Release|x64.ActiveCfg = Release|Any CPU
		{5692FA49-099E-4069-8055-136CDB8D7960}.Release|x64.Build.0 = Release|Any CPU
		{5692FA49-099E-4069-8055-136CDB8D7960}.Release|x86.ActiveCfg = Release|Any CPU
		{5692FA49-099E-4069-8055-136CDB8D7960}.Release|x86.Build.0 = Release|Any CPU
		{BEB168ED-D0BC-4FCA-8E3A-7B2D328A90E9}.Debug|Any CPU.ActiveCfg = Debug|Any CPU
		{BEB168ED-D0BC-4FCA-8E3A-7B2D328A90E9}.Debug|Any CPU.Build.0 = Debug|Any CPU
		{BEB168ED-D0BC-4FCA-8E3A-7B2D328A90E9}.Debug|x64.ActiveCfg = Debug|Any CPU
		{BEB168ED-D0BC-4FCA-8E3A-7B2D328A90E9}.Debug|x64.Build.0 = Debug|Any CPU
		{BEB168ED-D0BC-4FCA-8E3A-7B2D328A90E9}.Debug|x86.ActiveCfg = Debug|Any CPU
		{BEB168ED-D0BC-4FCA-8E3A-7B2D328A90E9}.Debug|x86.Build.0 = Debug|Any CPU
		{BEB168ED-D0BC-4FCA-8E3A-7B2D328A90E9}.Release|Any CPU.ActiveCfg = Release|Any CPU
		{BEB168ED-D0BC-4FCA-8E3A-7B2D328A90E9}.Release|Any CPU.Build.0 = Release|Any CPU
		{BEB168ED-D0BC-4FCA-8E3A-7B2D328A90E9}.Release|x64.ActiveCfg = Release|Any CPU
		{BEB168ED-D0BC-4FCA-8E3A-7B2D328A90E9}.Release|x64.Build.0 = Release|Any CPU
		{BEB168ED-D0BC-4FCA-8E3A-7B2D328A90E9}.Release|x86.ActiveCfg = Release|Any CPU
		{BEB168ED-D0BC-4FCA-8E3A-7B2D328A90E9}.Release|x86.Build.0 = Release|Any CPU
		{F5C89EE3-E6B2-4A1F-9DF8-3650C71A4376}.Debug|Any CPU.ActiveCfg = Debug|Any CPU
		{F5C89EE3-E6B2-4A1F-9DF8-3650C71A4376}.Debug|Any CPU.Build.0 = Debug|Any CPU
		{F5C89EE3-E6B2-4A1F-9DF8-3650C71A4376}.Debug|x64.ActiveCfg = Debug|Any CPU
		{F5C89EE3-E6B2-4A1F-9DF8-3650C71A4376}.Debug|x64.Build.0 = Debug|Any CPU
		{F5C89EE3-E6B2-4A1F-9DF8-3650C71A4376}.Debug|x86.ActiveCfg = Debug|Any CPU
		{F5C89EE3-E6B2-4A1F-9DF8-3650C71A4376}.Debug|x86.Build.0 = Debug|Any CPU
		{F5C89EE3-E6B2-4A1F-9DF8-3650C71A4376}.Release|Any CPU.ActiveCfg = Release|Any CPU
		{F5C89EE3-E6B2-4A1F-9DF8-3650C71A4376}.Release|Any CPU.Build.0 = Release|Any CPU
		{F5C89EE3-E6B2-4A1F-9DF8-3650C71A4376}.Release|x64.ActiveCfg = Release|Any CPU
		{F5C89EE3-E6B2-4A1F-9DF8-3650C71A4376}.Release|x64.Build.0 = Release|Any CPU
		{F5C89EE3-E6B2-4A1F-9DF8-3650C71A4376}.Release|x86.ActiveCfg = Release|Any CPU
		{F5C89EE3-E6B2-4A1F-9DF8-3650C71A4376}.Release|x86.Build.0 = Release|Any CPU
		{37B9816A-2424-4E40-B477-188008281225}.Debug|Any CPU.ActiveCfg = Debug|Any CPU
		{37B9816A-2424-4E40-B477-188008281225}.Debug|Any CPU.Build.0 = Debug|Any CPU
		{37B9816A-2424-4E40-B477-188008281225}.Debug|x64.ActiveCfg = Debug|Any CPU
		{37B9816A-2424-4E40-B477-188008281225}.Debug|x64.Build.0 = Debug|Any CPU
		{37B9816A-2424-4E40-B477-188008281225}.Debug|x86.ActiveCfg = Debug|Any CPU
		{37B9816A-2424-4E40-B477-188008281225}.Debug|x86.Build.0 = Debug|Any CPU
		{37B9816A-2424-4E40-B477-188008281225}.Release|Any CPU.ActiveCfg = Release|Any CPU
		{37B9816A-2424-4E40-B477-188008281225}.Release|Any CPU.Build.0 = Release|Any CPU
		{37B9816A-2424-4E40-B477-188008281225}.Release|x64.ActiveCfg = Release|Any CPU
		{37B9816A-2424-4E40-B477-188008281225}.Release|x64.Build.0 = Release|Any CPU
		{37B9816A-2424-4E40-B477-188008281225}.Release|x86.ActiveCfg = Release|Any CPU
		{37B9816A-2424-4E40-B477-188008281225}.Release|x86.Build.0 = Release|Any CPU
		{2FA5F034-E2A1-4626-BE19-CB17FA1B6DE5}.Debug|Any CPU.ActiveCfg = Debug|Any CPU
		{2FA5F034-E2A1-4626-BE19-CB17FA1B6DE5}.Debug|Any CPU.Build.0 = Debug|Any CPU
		{2FA5F034-E2A1-4626-BE19-CB17FA1B6DE5}.Debug|x64.ActiveCfg = Debug|Any CPU
		{2FA5F034-E2A1-4626-BE19-CB17FA1B6DE5}.Debug|x64.Build.0 = Debug|Any CPU
		{2FA5F034-E2A1-4626-BE19-CB17FA1B6DE5}.Debug|x86.ActiveCfg = Debug|Any CPU
		{2FA5F034-E2A1-4626-BE19-CB17FA1B6DE5}.Debug|x86.Build.0 = Debug|Any CPU
		{2FA5F034-E2A1-4626-BE19-CB17FA1B6DE5}.Release|Any CPU.ActiveCfg = Release|Any CPU
		{2FA5F034-E2A1-4626-BE19-CB17FA1B6DE5}.Release|Any CPU.Build.0 = Release|Any CPU
		{2FA5F034-E2A1-4626-BE19-CB17FA1B6DE5}.Release|x64.ActiveCfg = Release|Any CPU
		{2FA5F034-E2A1-4626-BE19-CB17FA1B6DE5}.Release|x64.Build.0 = Release|Any CPU
		{2FA5F034-E2A1-4626-BE19-CB17FA1B6DE5}.Release|x86.ActiveCfg = Release|Any CPU
		{2FA5F034-E2A1-4626-BE19-CB17FA1B6DE5}.Release|x86.Build.0 = Release|Any CPU
		{06C6AD3F-BF05-4B03-AA92-111AB3D16878}.Debug|Any CPU.ActiveCfg = Debug|Any CPU
		{06C6AD3F-BF05-4B03-AA92-111AB3D16878}.Debug|Any CPU.Build.0 = Debug|Any CPU
		{06C6AD3F-BF05-4B03-AA92-111AB3D16878}.Debug|x64.ActiveCfg = Debug|Any CPU
		{06C6AD3F-BF05-4B03-AA92-111AB3D16878}.Debug|x64.Build.0 = Debug|Any CPU
		{06C6AD3F-BF05-4B03-AA92-111AB3D16878}.Debug|x86.ActiveCfg = Debug|Any CPU
		{06C6AD3F-BF05-4B03-AA92-111AB3D16878}.Debug|x86.Build.0 = Debug|Any CPU
		{06C6AD3F-BF05-4B03-AA92-111AB3D16878}.Release|Any CPU.ActiveCfg = Release|Any CPU
		{06C6AD3F-BF05-4B03-AA92-111AB3D16878}.Release|Any CPU.Build.0 = Release|Any CPU
		{06C6AD3F-BF05-4B03-AA92-111AB3D16878}.Release|x64.ActiveCfg = Release|Any CPU
		{06C6AD3F-BF05-4B03-AA92-111AB3D16878}.Release|x64.Build.0 = Release|Any CPU
		{06C6AD3F-BF05-4B03-AA92-111AB3D16878}.Release|x86.ActiveCfg = Release|Any CPU
		{06C6AD3F-BF05-4B03-AA92-111AB3D16878}.Release|x86.Build.0 = Release|Any CPU
		{7B31E8FA-458A-47CF-84EE-1206A804BB19}.Debug|Any CPU.ActiveCfg = Debug|Any CPU
		{7B31E8FA-458A-47CF-84EE-1206A804BB19}.Debug|Any CPU.Build.0 = Debug|Any CPU
		{7B31E8FA-458A-47CF-84EE-1206A804BB19}.Debug|x64.ActiveCfg = Debug|x64
		{7B31E8FA-458A-47CF-84EE-1206A804BB19}.Debug|x64.Build.0 = Debug|x64
		{7B31E8FA-458A-47CF-84EE-1206A804BB19}.Debug|x86.ActiveCfg = Debug|Any CPU
		{7B31E8FA-458A-47CF-84EE-1206A804BB19}.Debug|x86.Build.0 = Debug|Any CPU
		{7B31E8FA-458A-47CF-84EE-1206A804BB19}.Release|Any CPU.ActiveCfg = Release|Any CPU
		{7B31E8FA-458A-47CF-84EE-1206A804BB19}.Release|Any CPU.Build.0 = Release|Any CPU
		{7B31E8FA-458A-47CF-84EE-1206A804BB19}.Release|x64.ActiveCfg = Release|x64
		{7B31E8FA-458A-47CF-84EE-1206A804BB19}.Release|x64.Build.0 = Release|x64
		{7B31E8FA-458A-47CF-84EE-1206A804BB19}.Release|x86.ActiveCfg = Release|Any CPU
		{7B31E8FA-458A-47CF-84EE-1206A804BB19}.Release|x86.Build.0 = Release|Any CPU
		{2A0C4FDC-61FA-429C-BD7E-31CD55CA9A6A}.Debug|Any CPU.ActiveCfg = Debug|Any CPU
		{2A0C4FDC-61FA-429C-BD7E-31CD55CA9A6A}.Debug|Any CPU.Build.0 = Debug|Any CPU
		{2A0C4FDC-61FA-429C-BD7E-31CD55CA9A6A}.Debug|x64.ActiveCfg = Debug|Any CPU
		{2A0C4FDC-61FA-429C-BD7E-31CD55CA9A6A}.Debug|x64.Build.0 = Debug|Any CPU
		{2A0C4FDC-61FA-429C-BD7E-31CD55CA9A6A}.Debug|x86.ActiveCfg = Debug|Any CPU
		{2A0C4FDC-61FA-429C-BD7E-31CD55CA9A6A}.Debug|x86.Build.0 = Debug|Any CPU
		{2A0C4FDC-61FA-429C-BD7E-31CD55CA9A6A}.Release|Any CPU.ActiveCfg = Release|Any CPU
		{2A0C4FDC-61FA-429C-BD7E-31CD55CA9A6A}.Release|Any CPU.Build.0 = Release|Any CPU
		{2A0C4FDC-61FA-429C-BD7E-31CD55CA9A6A}.Release|x64.ActiveCfg = Release|Any CPU
		{2A0C4FDC-61FA-429C-BD7E-31CD55CA9A6A}.Release|x64.Build.0 = Release|Any CPU
		{2A0C4FDC-61FA-429C-BD7E-31CD55CA9A6A}.Release|x86.ActiveCfg = Release|Any CPU
		{2A0C4FDC-61FA-429C-BD7E-31CD55CA9A6A}.Release|x86.Build.0 = Release|Any CPU
		{7E915BD1-40BE-4104-BE82-38E94E055790}.Debug|Any CPU.ActiveCfg = Debug|Any CPU
		{7E915BD1-40BE-4104-BE82-38E94E055790}.Debug|Any CPU.Build.0 = Debug|Any CPU
		{7E915BD1-40BE-4104-BE82-38E94E055790}.Debug|x64.ActiveCfg = Debug|Any CPU
		{7E915BD1-40BE-4104-BE82-38E94E055790}.Debug|x64.Build.0 = Debug|Any CPU
		{7E915BD1-40BE-4104-BE82-38E94E055790}.Debug|x86.ActiveCfg = Debug|Any CPU
		{7E915BD1-40BE-4104-BE82-38E94E055790}.Debug|x86.Build.0 = Debug|Any CPU
		{7E915BD1-40BE-4104-BE82-38E94E055790}.Release|Any CPU.ActiveCfg = Release|Any CPU
		{7E915BD1-40BE-4104-BE82-38E94E055790}.Release|Any CPU.Build.0 = Release|Any CPU
		{7E915BD1-40BE-4104-BE82-38E94E055790}.Release|x64.ActiveCfg = Release|Any CPU
		{7E915BD1-40BE-4104-BE82-38E94E055790}.Release|x64.Build.0 = Release|Any CPU
		{7E915BD1-40BE-4104-BE82-38E94E055790}.Release|x86.ActiveCfg = Release|Any CPU
		{7E915BD1-40BE-4104-BE82-38E94E055790}.Release|x86.Build.0 = Release|Any CPU
		{E084123A-7156-45CD-972E-6875FD6E847A}.Debug|Any CPU.ActiveCfg = Debug|Any CPU
		{E084123A-7156-45CD-972E-6875FD6E847A}.Debug|Any CPU.Build.0 = Debug|Any CPU
		{E084123A-7156-45CD-972E-6875FD6E847A}.Debug|x64.ActiveCfg = Debug|Any CPU
		{E084123A-7156-45CD-972E-6875FD6E847A}.Debug|x64.Build.0 = Debug|Any CPU
		{E084123A-7156-45CD-972E-6875FD6E847A}.Debug|x86.ActiveCfg = Debug|Any CPU
		{E084123A-7156-45CD-972E-6875FD6E847A}.Debug|x86.Build.0 = Debug|Any CPU
		{E084123A-7156-45CD-972E-6875FD6E847A}.Release|Any CPU.ActiveCfg = Release|Any CPU
		{E084123A-7156-45CD-972E-6875FD6E847A}.Release|Any CPU.Build.0 = Release|Any CPU
		{E084123A-7156-45CD-972E-6875FD6E847A}.Release|x64.ActiveCfg = Release|Any CPU
		{E084123A-7156-45CD-972E-6875FD6E847A}.Release|x64.Build.0 = Release|Any CPU
		{E084123A-7156-45CD-972E-6875FD6E847A}.Release|x86.ActiveCfg = Release|Any CPU
		{E084123A-7156-45CD-972E-6875FD6E847A}.Release|x86.Build.0 = Release|Any CPU
		{78A7E963-9BDE-461E-AEB0-DD5F1FA2A38F}.Debug|Any CPU.ActiveCfg = Debug|Any CPU
		{78A7E963-9BDE-461E-AEB0-DD5F1FA2A38F}.Debug|Any CPU.Build.0 = Debug|Any CPU
		{78A7E963-9BDE-461E-AEB0-DD5F1FA2A38F}.Debug|x64.ActiveCfg = Debug|Any CPU
		{78A7E963-9BDE-461E-AEB0-DD5F1FA2A38F}.Debug|x64.Build.0 = Debug|Any CPU
		{78A7E963-9BDE-461E-AEB0-DD5F1FA2A38F}.Debug|x86.ActiveCfg = Debug|Any CPU
		{78A7E963-9BDE-461E-AEB0-DD5F1FA2A38F}.Debug|x86.Build.0 = Debug|Any CPU
		{78A7E963-9BDE-461E-AEB0-DD5F1FA2A38F}.Release|Any CPU.ActiveCfg = Release|Any CPU
		{78A7E963-9BDE-461E-AEB0-DD5F1FA2A38F}.Release|Any CPU.Build.0 = Release|Any CPU
		{78A7E963-9BDE-461E-AEB0-DD5F1FA2A38F}.Release|x64.ActiveCfg = Release|Any CPU
		{78A7E963-9BDE-461E-AEB0-DD5F1FA2A38F}.Release|x64.Build.0 = Release|Any CPU
		{78A7E963-9BDE-461E-AEB0-DD5F1FA2A38F}.Release|x86.ActiveCfg = Release|Any CPU
		{78A7E963-9BDE-461E-AEB0-DD5F1FA2A38F}.Release|x86.Build.0 = Release|Any CPU
		{C5BB0AB9-9673-4C85-8C1D-6B1B3BE67061}.Debug|Any CPU.ActiveCfg = Debug|Any CPU
		{C5BB0AB9-9673-4C85-8C1D-6B1B3BE67061}.Debug|Any CPU.Build.0 = Debug|Any CPU
		{C5BB0AB9-9673-4C85-8C1D-6B1B3BE67061}.Debug|x64.ActiveCfg = Debug|Any CPU
		{C5BB0AB9-9673-4C85-8C1D-6B1B3BE67061}.Debug|x64.Build.0 = Debug|Any CPU
		{C5BB0AB9-9673-4C85-8C1D-6B1B3BE67061}.Debug|x86.ActiveCfg = Debug|Any CPU
		{C5BB0AB9-9673-4C85-8C1D-6B1B3BE67061}.Debug|x86.Build.0 = Debug|Any CPU
		{C5BB0AB9-9673-4C85-8C1D-6B1B3BE67061}.Release|Any CPU.ActiveCfg = Release|Any CPU
		{C5BB0AB9-9673-4C85-8C1D-6B1B3BE67061}.Release|Any CPU.Build.0 = Release|Any CPU
		{C5BB0AB9-9673-4C85-8C1D-6B1B3BE67061}.Release|x64.ActiveCfg = Release|Any CPU
		{C5BB0AB9-9673-4C85-8C1D-6B1B3BE67061}.Release|x64.Build.0 = Release|Any CPU
		{C5BB0AB9-9673-4C85-8C1D-6B1B3BE67061}.Release|x86.ActiveCfg = Release|Any CPU
		{C5BB0AB9-9673-4C85-8C1D-6B1B3BE67061}.Release|x86.Build.0 = Release|Any CPU
		{EF5F40E2-9E03-4E9C-B1DD-E8AE4DDD7EC6}.Debug|Any CPU.ActiveCfg = Debug|Any CPU
		{EF5F40E2-9E03-4E9C-B1DD-E8AE4DDD7EC6}.Debug|Any CPU.Build.0 = Debug|Any CPU
		{EF5F40E2-9E03-4E9C-B1DD-E8AE4DDD7EC6}.Debug|x64.ActiveCfg = Debug|Any CPU
		{EF5F40E2-9E03-4E9C-B1DD-E8AE4DDD7EC6}.Debug|x64.Build.0 = Debug|Any CPU
		{EF5F40E2-9E03-4E9C-B1DD-E8AE4DDD7EC6}.Debug|x86.ActiveCfg = Debug|Any CPU
		{EF5F40E2-9E03-4E9C-B1DD-E8AE4DDD7EC6}.Debug|x86.Build.0 = Debug|Any CPU
		{EF5F40E2-9E03-4E9C-B1DD-E8AE4DDD7EC6}.Release|Any CPU.ActiveCfg = Release|Any CPU
		{EF5F40E2-9E03-4E9C-B1DD-E8AE4DDD7EC6}.Release|Any CPU.Build.0 = Release|Any CPU
		{EF5F40E2-9E03-4E9C-B1DD-E8AE4DDD7EC6}.Release|x64.ActiveCfg = Release|Any CPU
		{EF5F40E2-9E03-4E9C-B1DD-E8AE4DDD7EC6}.Release|x64.Build.0 = Release|Any CPU
		{EF5F40E2-9E03-4E9C-B1DD-E8AE4DDD7EC6}.Release|x86.ActiveCfg = Release|Any CPU
		{EF5F40E2-9E03-4E9C-B1DD-E8AE4DDD7EC6}.Release|x86.Build.0 = Release|Any CPU
		{9415B1B4-6945-40A0-9504-2763ECCD6993}.Debug|Any CPU.ActiveCfg = Debug|Any CPU
		{9415B1B4-6945-40A0-9504-2763ECCD6993}.Debug|Any CPU.Build.0 = Debug|Any CPU
		{9415B1B4-6945-40A0-9504-2763ECCD6993}.Debug|x64.ActiveCfg = Debug|Any CPU
		{9415B1B4-6945-40A0-9504-2763ECCD6993}.Debug|x64.Build.0 = Debug|Any CPU
		{9415B1B4-6945-40A0-9504-2763ECCD6993}.Debug|x86.ActiveCfg = Debug|Any CPU
		{9415B1B4-6945-40A0-9504-2763ECCD6993}.Debug|x86.Build.0 = Debug|Any CPU
		{9415B1B4-6945-40A0-9504-2763ECCD6993}.Release|Any CPU.ActiveCfg = Release|Any CPU
		{9415B1B4-6945-40A0-9504-2763ECCD6993}.Release|Any CPU.Build.0 = Release|Any CPU
		{9415B1B4-6945-40A0-9504-2763ECCD6993}.Release|x64.ActiveCfg = Release|Any CPU
		{9415B1B4-6945-40A0-9504-2763ECCD6993}.Release|x64.Build.0 = Release|Any CPU
		{9415B1B4-6945-40A0-9504-2763ECCD6993}.Release|x86.ActiveCfg = Release|Any CPU
		{9415B1B4-6945-40A0-9504-2763ECCD6993}.Release|x86.Build.0 = Release|Any CPU
		{B8229D4F-893A-4F69-B1D4-17BE5F8AA3B6}.Debug|Any CPU.ActiveCfg = Debug|Any CPU
		{B8229D4F-893A-4F69-B1D4-17BE5F8AA3B6}.Debug|Any CPU.Build.0 = Debug|Any CPU
		{B8229D4F-893A-4F69-B1D4-17BE5F8AA3B6}.Debug|x64.ActiveCfg = Debug|Any CPU
		{B8229D4F-893A-4F69-B1D4-17BE5F8AA3B6}.Debug|x64.Build.0 = Debug|Any CPU
		{B8229D4F-893A-4F69-B1D4-17BE5F8AA3B6}.Debug|x86.ActiveCfg = Debug|Any CPU
		{B8229D4F-893A-4F69-B1D4-17BE5F8AA3B6}.Debug|x86.Build.0 = Debug|Any CPU
		{B8229D4F-893A-4F69-B1D4-17BE5F8AA3B6}.Release|Any CPU.ActiveCfg = Release|Any CPU
		{B8229D4F-893A-4F69-B1D4-17BE5F8AA3B6}.Release|Any CPU.Build.0 = Release|Any CPU
		{B8229D4F-893A-4F69-B1D4-17BE5F8AA3B6}.Release|x64.ActiveCfg = Release|Any CPU
		{B8229D4F-893A-4F69-B1D4-17BE5F8AA3B6}.Release|x64.Build.0 = Release|Any CPU
		{B8229D4F-893A-4F69-B1D4-17BE5F8AA3B6}.Release|x86.ActiveCfg = Release|Any CPU
		{B8229D4F-893A-4F69-B1D4-17BE5F8AA3B6}.Release|x86.Build.0 = Release|Any CPU
		{4C246212-7622-4E36-BC31-453181ED25FD}.Debug|Any CPU.ActiveCfg = Debug|Any CPU
		{4C246212-7622-4E36-BC31-453181ED25FD}.Debug|Any CPU.Build.0 = Debug|Any CPU
		{4C246212-7622-4E36-BC31-453181ED25FD}.Debug|x64.ActiveCfg = Debug|Any CPU
		{4C246212-7622-4E36-BC31-453181ED25FD}.Debug|x64.Build.0 = Debug|Any CPU
		{4C246212-7622-4E36-BC31-453181ED25FD}.Debug|x86.ActiveCfg = Debug|Any CPU
		{4C246212-7622-4E36-BC31-453181ED25FD}.Debug|x86.Build.0 = Debug|Any CPU
		{4C246212-7622-4E36-BC31-453181ED25FD}.Release|Any CPU.ActiveCfg = Release|Any CPU
		{4C246212-7622-4E36-BC31-453181ED25FD}.Release|Any CPU.Build.0 = Release|Any CPU
		{4C246212-7622-4E36-BC31-453181ED25FD}.Release|x64.ActiveCfg = Release|Any CPU
		{4C246212-7622-4E36-BC31-453181ED25FD}.Release|x64.Build.0 = Release|Any CPU
		{4C246212-7622-4E36-BC31-453181ED25FD}.Release|x86.ActiveCfg = Release|Any CPU
		{4C246212-7622-4E36-BC31-453181ED25FD}.Release|x86.Build.0 = Release|Any CPU
		{A2DC7A22-96F7-4D3E-8F59-871CD93D6723}.Debug|Any CPU.ActiveCfg = Debug|Any CPU
		{A2DC7A22-96F7-4D3E-8F59-871CD93D6723}.Debug|Any CPU.Build.0 = Debug|Any CPU
		{A2DC7A22-96F7-4D3E-8F59-871CD93D6723}.Debug|x64.ActiveCfg = Debug|x64
		{A2DC7A22-96F7-4D3E-8F59-871CD93D6723}.Debug|x64.Build.0 = Debug|x64
		{A2DC7A22-96F7-4D3E-8F59-871CD93D6723}.Debug|x86.ActiveCfg = Debug|Any CPU
		{A2DC7A22-96F7-4D3E-8F59-871CD93D6723}.Debug|x86.Build.0 = Debug|Any CPU
		{A2DC7A22-96F7-4D3E-8F59-871CD93D6723}.Release|Any CPU.ActiveCfg = Release|Any CPU
		{A2DC7A22-96F7-4D3E-8F59-871CD93D6723}.Release|Any CPU.Build.0 = Release|Any CPU
		{A2DC7A22-96F7-4D3E-8F59-871CD93D6723}.Release|x64.ActiveCfg = Release|x64
		{A2DC7A22-96F7-4D3E-8F59-871CD93D6723}.Release|x64.Build.0 = Release|x64
		{A2DC7A22-96F7-4D3E-8F59-871CD93D6723}.Release|x86.ActiveCfg = Release|Any CPU
		{A2DC7A22-96F7-4D3E-8F59-871CD93D6723}.Release|x86.Build.0 = Release|Any CPU
		{DDE9CC43-D12E-4185-B044-D4108969280F}.Debug|Any CPU.ActiveCfg = Debug|Any CPU
		{DDE9CC43-D12E-4185-B044-D4108969280F}.Debug|Any CPU.Build.0 = Debug|Any CPU
		{DDE9CC43-D12E-4185-B044-D4108969280F}.Debug|x64.ActiveCfg = Debug|Any CPU
		{DDE9CC43-D12E-4185-B044-D4108969280F}.Debug|x64.Build.0 = Debug|Any CPU
		{DDE9CC43-D12E-4185-B044-D4108969280F}.Debug|x86.ActiveCfg = Debug|Any CPU
		{DDE9CC43-D12E-4185-B044-D4108969280F}.Debug|x86.Build.0 = Debug|Any CPU
		{DDE9CC43-D12E-4185-B044-D4108969280F}.Release|Any CPU.ActiveCfg = Release|Any CPU
		{DDE9CC43-D12E-4185-B044-D4108969280F}.Release|Any CPU.Build.0 = Release|Any CPU
		{DDE9CC43-D12E-4185-B044-D4108969280F}.Release|x64.ActiveCfg = Release|Any CPU
		{DDE9CC43-D12E-4185-B044-D4108969280F}.Release|x64.Build.0 = Release|Any CPU
		{DDE9CC43-D12E-4185-B044-D4108969280F}.Release|x86.ActiveCfg = Release|Any CPU
		{DDE9CC43-D12E-4185-B044-D4108969280F}.Release|x86.Build.0 = Release|Any CPU
		{685A6C62-153E-4288-BDDB-1EFCAEE7D003}.Debug|Any CPU.ActiveCfg = Debug|Any CPU
		{685A6C62-153E-4288-BDDB-1EFCAEE7D003}.Debug|Any CPU.Build.0 = Debug|Any CPU
		{685A6C62-153E-4288-BDDB-1EFCAEE7D003}.Debug|x64.ActiveCfg = Debug|Any CPU
		{685A6C62-153E-4288-BDDB-1EFCAEE7D003}.Debug|x64.Build.0 = Debug|Any CPU
		{685A6C62-153E-4288-BDDB-1EFCAEE7D003}.Debug|x86.ActiveCfg = Debug|Any CPU
		{685A6C62-153E-4288-BDDB-1EFCAEE7D003}.Debug|x86.Build.0 = Debug|Any CPU
		{685A6C62-153E-4288-BDDB-1EFCAEE7D003}.Release|Any CPU.ActiveCfg = Release|Any CPU
		{685A6C62-153E-4288-BDDB-1EFCAEE7D003}.Release|Any CPU.Build.0 = Release|Any CPU
		{685A6C62-153E-4288-BDDB-1EFCAEE7D003}.Release|x64.ActiveCfg = Release|Any CPU
		{685A6C62-153E-4288-BDDB-1EFCAEE7D003}.Release|x64.Build.0 = Release|Any CPU
		{685A6C62-153E-4288-BDDB-1EFCAEE7D003}.Release|x86.ActiveCfg = Release|Any CPU
		{685A6C62-153E-4288-BDDB-1EFCAEE7D003}.Release|x86.Build.0 = Release|Any CPU
		{317AFF95-9ADE-4DAF-B209-4B0DB2F06F98}.Debug|Any CPU.ActiveCfg = Debug|Any CPU
		{317AFF95-9ADE-4DAF-B209-4B0DB2F06F98}.Debug|Any CPU.Build.0 = Debug|Any CPU
		{317AFF95-9ADE-4DAF-B209-4B0DB2F06F98}.Debug|x64.ActiveCfg = Debug|Any CPU
		{317AFF95-9ADE-4DAF-B209-4B0DB2F06F98}.Debug|x64.Build.0 = Debug|Any CPU
		{317AFF95-9ADE-4DAF-B209-4B0DB2F06F98}.Debug|x86.ActiveCfg = Debug|Any CPU
		{317AFF95-9ADE-4DAF-B209-4B0DB2F06F98}.Debug|x86.Build.0 = Debug|Any CPU
		{317AFF95-9ADE-4DAF-B209-4B0DB2F06F98}.Release|Any CPU.ActiveCfg = Release|Any CPU
		{317AFF95-9ADE-4DAF-B209-4B0DB2F06F98}.Release|Any CPU.Build.0 = Release|Any CPU
		{317AFF95-9ADE-4DAF-B209-4B0DB2F06F98}.Release|x64.ActiveCfg = Release|Any CPU
		{317AFF95-9ADE-4DAF-B209-4B0DB2F06F98}.Release|x64.Build.0 = Release|Any CPU
		{317AFF95-9ADE-4DAF-B209-4B0DB2F06F98}.Release|x86.ActiveCfg = Release|Any CPU
		{317AFF95-9ADE-4DAF-B209-4B0DB2F06F98}.Release|x86.Build.0 = Release|Any CPU
		{557346CA-9D13-4885-B3B5-F14E16410BE5}.Debug|Any CPU.ActiveCfg = Debug|Any CPU
		{557346CA-9D13-4885-B3B5-F14E16410BE5}.Debug|Any CPU.Build.0 = Debug|Any CPU
		{557346CA-9D13-4885-B3B5-F14E16410BE5}.Debug|x64.ActiveCfg = Debug|Any CPU
		{557346CA-9D13-4885-B3B5-F14E16410BE5}.Debug|x64.Build.0 = Debug|Any CPU
		{557346CA-9D13-4885-B3B5-F14E16410BE5}.Debug|x86.ActiveCfg = Debug|Any CPU
		{557346CA-9D13-4885-B3B5-F14E16410BE5}.Debug|x86.Build.0 = Debug|Any CPU
		{557346CA-9D13-4885-B3B5-F14E16410BE5}.Release|Any CPU.ActiveCfg = Release|Any CPU
		{557346CA-9D13-4885-B3B5-F14E16410BE5}.Release|Any CPU.Build.0 = Release|Any CPU
		{557346CA-9D13-4885-B3B5-F14E16410BE5}.Release|x64.ActiveCfg = Release|Any CPU
		{557346CA-9D13-4885-B3B5-F14E16410BE5}.Release|x64.Build.0 = Release|Any CPU
		{557346CA-9D13-4885-B3B5-F14E16410BE5}.Release|x86.ActiveCfg = Release|Any CPU
		{557346CA-9D13-4885-B3B5-F14E16410BE5}.Release|x86.Build.0 = Release|Any CPU
		{D66F4C00-57F5-48C1-A4FE-0FD3BCA8E066}.Debug|Any CPU.ActiveCfg = Debug|Any CPU
		{D66F4C00-57F5-48C1-A4FE-0FD3BCA8E066}.Debug|Any CPU.Build.0 = Debug|Any CPU
		{D66F4C00-57F5-48C1-A4FE-0FD3BCA8E066}.Debug|x64.ActiveCfg = Debug|Any CPU
		{D66F4C00-57F5-48C1-A4FE-0FD3BCA8E066}.Debug|x64.Build.0 = Debug|Any CPU
		{D66F4C00-57F5-48C1-A4FE-0FD3BCA8E066}.Debug|x86.ActiveCfg = Debug|Any CPU
		{D66F4C00-57F5-48C1-A4FE-0FD3BCA8E066}.Debug|x86.Build.0 = Debug|Any CPU
		{D66F4C00-57F5-48C1-A4FE-0FD3BCA8E066}.Release|Any CPU.ActiveCfg = Release|Any CPU
		{D66F4C00-57F5-48C1-A4FE-0FD3BCA8E066}.Release|Any CPU.Build.0 = Release|Any CPU
		{D66F4C00-57F5-48C1-A4FE-0FD3BCA8E066}.Release|x64.ActiveCfg = Release|Any CPU
		{D66F4C00-57F5-48C1-A4FE-0FD3BCA8E066}.Release|x64.Build.0 = Release|Any CPU
		{D66F4C00-57F5-48C1-A4FE-0FD3BCA8E066}.Release|x86.ActiveCfg = Release|Any CPU
		{D66F4C00-57F5-48C1-A4FE-0FD3BCA8E066}.Release|x86.Build.0 = Release|Any CPU
		{2BD089E0-FC1C-4787-AC56-48C3E532FBB6}.Debug|Any CPU.ActiveCfg = Debug|Any CPU
		{2BD089E0-FC1C-4787-AC56-48C3E532FBB6}.Debug|Any CPU.Build.0 = Debug|Any CPU
		{2BD089E0-FC1C-4787-AC56-48C3E532FBB6}.Debug|x64.ActiveCfg = Debug|Any CPU
		{2BD089E0-FC1C-4787-AC56-48C3E532FBB6}.Debug|x64.Build.0 = Debug|Any CPU
		{2BD089E0-FC1C-4787-AC56-48C3E532FBB6}.Debug|x86.ActiveCfg = Debug|Any CPU
		{2BD089E0-FC1C-4787-AC56-48C3E532FBB6}.Debug|x86.Build.0 = Debug|Any CPU
		{2BD089E0-FC1C-4787-AC56-48C3E532FBB6}.Release|Any CPU.ActiveCfg = Release|Any CPU
		{2BD089E0-FC1C-4787-AC56-48C3E532FBB6}.Release|Any CPU.Build.0 = Release|Any CPU
		{2BD089E0-FC1C-4787-AC56-48C3E532FBB6}.Release|x64.ActiveCfg = Release|Any CPU
		{2BD089E0-FC1C-4787-AC56-48C3E532FBB6}.Release|x64.Build.0 = Release|Any CPU
		{2BD089E0-FC1C-4787-AC56-48C3E532FBB6}.Release|x86.ActiveCfg = Release|Any CPU
		{2BD089E0-FC1C-4787-AC56-48C3E532FBB6}.Release|x86.Build.0 = Release|Any CPU
		{BC9CB97E-A3B8-4186-AEC1-441B900FA650}.Debug|Any CPU.ActiveCfg = Debug|Any CPU
		{BC9CB97E-A3B8-4186-AEC1-441B900FA650}.Debug|Any CPU.Build.0 = Debug|Any CPU
		{BC9CB97E-A3B8-4186-AEC1-441B900FA650}.Debug|x64.ActiveCfg = Debug|Any CPU
		{BC9CB97E-A3B8-4186-AEC1-441B900FA650}.Debug|x64.Build.0 = Debug|Any CPU
		{BC9CB97E-A3B8-4186-AEC1-441B900FA650}.Debug|x86.ActiveCfg = Debug|Any CPU
		{BC9CB97E-A3B8-4186-AEC1-441B900FA650}.Debug|x86.Build.0 = Debug|Any CPU
		{BC9CB97E-A3B8-4186-AEC1-441B900FA650}.Release|Any CPU.ActiveCfg = Release|Any CPU
		{BC9CB97E-A3B8-4186-AEC1-441B900FA650}.Release|Any CPU.Build.0 = Release|Any CPU
		{BC9CB97E-A3B8-4186-AEC1-441B900FA650}.Release|x64.ActiveCfg = Release|Any CPU
		{BC9CB97E-A3B8-4186-AEC1-441B900FA650}.Release|x64.Build.0 = Release|Any CPU
		{BC9CB97E-A3B8-4186-AEC1-441B900FA650}.Release|x86.ActiveCfg = Release|Any CPU
		{BC9CB97E-A3B8-4186-AEC1-441B900FA650}.Release|x86.Build.0 = Release|Any CPU
		{7B5FE978-C23A-4075-BE85-4C017E67538E}.Debug|Any CPU.ActiveCfg = Debug|Any CPU
		{7B5FE978-C23A-4075-BE85-4C017E67538E}.Debug|Any CPU.Build.0 = Debug|Any CPU
		{7B5FE978-C23A-4075-BE85-4C017E67538E}.Debug|x64.ActiveCfg = Debug|x64
		{7B5FE978-C23A-4075-BE85-4C017E67538E}.Debug|x64.Build.0 = Debug|x64
		{7B5FE978-C23A-4075-BE85-4C017E67538E}.Debug|x86.ActiveCfg = Debug|Any CPU
		{7B5FE978-C23A-4075-BE85-4C017E67538E}.Debug|x86.Build.0 = Debug|Any CPU
		{7B5FE978-C23A-4075-BE85-4C017E67538E}.Release|Any CPU.ActiveCfg = Release|Any CPU
		{7B5FE978-C23A-4075-BE85-4C017E67538E}.Release|Any CPU.Build.0 = Release|Any CPU
		{7B5FE978-C23A-4075-BE85-4C017E67538E}.Release|x64.ActiveCfg = Release|x64
		{7B5FE978-C23A-4075-BE85-4C017E67538E}.Release|x64.Build.0 = Release|x64
		{7B5FE978-C23A-4075-BE85-4C017E67538E}.Release|x86.ActiveCfg = Release|Any CPU
		{7B5FE978-C23A-4075-BE85-4C017E67538E}.Release|x86.Build.0 = Release|Any CPU
		{4956293D-766A-4065-9DC7-7E37976A9D69}.Debug|Any CPU.ActiveCfg = Debug|Any CPU
		{4956293D-766A-4065-9DC7-7E37976A9D69}.Debug|Any CPU.Build.0 = Debug|Any CPU
		{4956293D-766A-4065-9DC7-7E37976A9D69}.Debug|x64.ActiveCfg = Debug|x64
		{4956293D-766A-4065-9DC7-7E37976A9D69}.Debug|x64.Build.0 = Debug|x64
		{4956293D-766A-4065-9DC7-7E37976A9D69}.Debug|x86.ActiveCfg = Debug|Any CPU
		{4956293D-766A-4065-9DC7-7E37976A9D69}.Debug|x86.Build.0 = Debug|Any CPU
		{4956293D-766A-4065-9DC7-7E37976A9D69}.Release|Any CPU.ActiveCfg = Release|Any CPU
		{4956293D-766A-4065-9DC7-7E37976A9D69}.Release|Any CPU.Build.0 = Release|Any CPU
		{4956293D-766A-4065-9DC7-7E37976A9D69}.Release|x64.ActiveCfg = Release|x64
		{4956293D-766A-4065-9DC7-7E37976A9D69}.Release|x64.Build.0 = Release|x64
		{4956293D-766A-4065-9DC7-7E37976A9D69}.Release|x86.ActiveCfg = Release|Any CPU
		{4956293D-766A-4065-9DC7-7E37976A9D69}.Release|x86.Build.0 = Release|Any CPU
		{4A2A49B1-B10C-402C-A13A-D2D32C6B077F}.Debug|Any CPU.ActiveCfg = Debug|Any CPU
		{4A2A49B1-B10C-402C-A13A-D2D32C6B077F}.Debug|Any CPU.Build.0 = Debug|Any CPU
		{4A2A49B1-B10C-402C-A13A-D2D32C6B077F}.Debug|x64.ActiveCfg = Debug|Any CPU
		{4A2A49B1-B10C-402C-A13A-D2D32C6B077F}.Debug|x64.Build.0 = Debug|Any CPU
		{4A2A49B1-B10C-402C-A13A-D2D32C6B077F}.Debug|x86.ActiveCfg = Debug|Any CPU
		{4A2A49B1-B10C-402C-A13A-D2D32C6B077F}.Debug|x86.Build.0 = Debug|Any CPU
		{4A2A49B1-B10C-402C-A13A-D2D32C6B077F}.Release|Any CPU.ActiveCfg = Release|Any CPU
		{4A2A49B1-B10C-402C-A13A-D2D32C6B077F}.Release|Any CPU.Build.0 = Release|Any CPU
		{4A2A49B1-B10C-402C-A13A-D2D32C6B077F}.Release|x64.ActiveCfg = Release|Any CPU
		{4A2A49B1-B10C-402C-A13A-D2D32C6B077F}.Release|x64.Build.0 = Release|Any CPU
		{4A2A49B1-B10C-402C-A13A-D2D32C6B077F}.Release|x86.ActiveCfg = Release|Any CPU
		{4A2A49B1-B10C-402C-A13A-D2D32C6B077F}.Release|x86.Build.0 = Release|Any CPU
		{535BB1AF-BF99-4DDA-A419-E638AA4FDCAC}.Debug|Any CPU.ActiveCfg = Debug|Any CPU
		{535BB1AF-BF99-4DDA-A419-E638AA4FDCAC}.Debug|Any CPU.Build.0 = Debug|Any CPU
		{535BB1AF-BF99-4DDA-A419-E638AA4FDCAC}.Debug|x64.ActiveCfg = Debug|Any CPU
		{535BB1AF-BF99-4DDA-A419-E638AA4FDCAC}.Debug|x64.Build.0 = Debug|Any CPU
		{535BB1AF-BF99-4DDA-A419-E638AA4FDCAC}.Debug|x86.ActiveCfg = Debug|Any CPU
		{535BB1AF-BF99-4DDA-A419-E638AA4FDCAC}.Debug|x86.Build.0 = Debug|Any CPU
		{535BB1AF-BF99-4DDA-A419-E638AA4FDCAC}.Release|Any CPU.ActiveCfg = Release|Any CPU
		{535BB1AF-BF99-4DDA-A419-E638AA4FDCAC}.Release|Any CPU.Build.0 = Release|Any CPU
		{535BB1AF-BF99-4DDA-A419-E638AA4FDCAC}.Release|x64.ActiveCfg = Release|Any CPU
		{535BB1AF-BF99-4DDA-A419-E638AA4FDCAC}.Release|x64.Build.0 = Release|Any CPU
		{535BB1AF-BF99-4DDA-A419-E638AA4FDCAC}.Release|x86.ActiveCfg = Release|Any CPU
		{535BB1AF-BF99-4DDA-A419-E638AA4FDCAC}.Release|x86.Build.0 = Release|Any CPU
		{EEEB1D91-9B0A-4431-8395-C97251CA56C9}.Debug|Any CPU.ActiveCfg = Debug|Any CPU
		{EEEB1D91-9B0A-4431-8395-C97251CA56C9}.Debug|Any CPU.Build.0 = Debug|Any CPU
		{EEEB1D91-9B0A-4431-8395-C97251CA56C9}.Debug|x64.ActiveCfg = Debug|Any CPU
		{EEEB1D91-9B0A-4431-8395-C97251CA56C9}.Debug|x64.Build.0 = Debug|Any CPU
		{EEEB1D91-9B0A-4431-8395-C97251CA56C9}.Debug|x86.ActiveCfg = Debug|Any CPU
		{EEEB1D91-9B0A-4431-8395-C97251CA56C9}.Debug|x86.Build.0 = Debug|Any CPU
		{EEEB1D91-9B0A-4431-8395-C97251CA56C9}.Release|Any CPU.ActiveCfg = Release|Any CPU
		{EEEB1D91-9B0A-4431-8395-C97251CA56C9}.Release|Any CPU.Build.0 = Release|Any CPU
		{EEEB1D91-9B0A-4431-8395-C97251CA56C9}.Release|x64.ActiveCfg = Release|Any CPU
		{EEEB1D91-9B0A-4431-8395-C97251CA56C9}.Release|x64.Build.0 = Release|Any CPU
		{EEEB1D91-9B0A-4431-8395-C97251CA56C9}.Release|x86.ActiveCfg = Release|Any CPU
		{EEEB1D91-9B0A-4431-8395-C97251CA56C9}.Release|x86.Build.0 = Release|Any CPU
		{76470A55-9FD5-4A9E-8E13-F6B36BA38D6E}.Debug|Any CPU.ActiveCfg = Debug|Any CPU
		{76470A55-9FD5-4A9E-8E13-F6B36BA38D6E}.Debug|Any CPU.Build.0 = Debug|Any CPU
		{76470A55-9FD5-4A9E-8E13-F6B36BA38D6E}.Debug|x64.ActiveCfg = Debug|Any CPU
		{76470A55-9FD5-4A9E-8E13-F6B36BA38D6E}.Debug|x64.Build.0 = Debug|Any CPU
		{76470A55-9FD5-4A9E-8E13-F6B36BA38D6E}.Debug|x86.ActiveCfg = Debug|Any CPU
		{76470A55-9FD5-4A9E-8E13-F6B36BA38D6E}.Debug|x86.Build.0 = Debug|Any CPU
		{76470A55-9FD5-4A9E-8E13-F6B36BA38D6E}.Release|Any CPU.ActiveCfg = Release|Any CPU
		{76470A55-9FD5-4A9E-8E13-F6B36BA38D6E}.Release|Any CPU.Build.0 = Release|Any CPU
		{76470A55-9FD5-4A9E-8E13-F6B36BA38D6E}.Release|x64.ActiveCfg = Release|Any CPU
		{76470A55-9FD5-4A9E-8E13-F6B36BA38D6E}.Release|x64.Build.0 = Release|Any CPU
		{76470A55-9FD5-4A9E-8E13-F6B36BA38D6E}.Release|x86.ActiveCfg = Release|Any CPU
		{76470A55-9FD5-4A9E-8E13-F6B36BA38D6E}.Release|x86.Build.0 = Release|Any CPU
		{DAA9ADDF-5F17-4155-A4B7-31B1AA11AD8D}.Debug|Any CPU.ActiveCfg = Debug|Any CPU
		{DAA9ADDF-5F17-4155-A4B7-31B1AA11AD8D}.Debug|Any CPU.Build.0 = Debug|Any CPU
		{DAA9ADDF-5F17-4155-A4B7-31B1AA11AD8D}.Debug|x64.ActiveCfg = Debug|Any CPU
		{DAA9ADDF-5F17-4155-A4B7-31B1AA11AD8D}.Debug|x64.Build.0 = Debug|Any CPU
		{DAA9ADDF-5F17-4155-A4B7-31B1AA11AD8D}.Debug|x86.ActiveCfg = Debug|Any CPU
		{DAA9ADDF-5F17-4155-A4B7-31B1AA11AD8D}.Debug|x86.Build.0 = Debug|Any CPU
		{DAA9ADDF-5F17-4155-A4B7-31B1AA11AD8D}.Release|Any CPU.ActiveCfg = Release|Any CPU
		{DAA9ADDF-5F17-4155-A4B7-31B1AA11AD8D}.Release|Any CPU.Build.0 = Release|Any CPU
		{DAA9ADDF-5F17-4155-A4B7-31B1AA11AD8D}.Release|x64.ActiveCfg = Release|Any CPU
		{DAA9ADDF-5F17-4155-A4B7-31B1AA11AD8D}.Release|x64.Build.0 = Release|Any CPU
		{DAA9ADDF-5F17-4155-A4B7-31B1AA11AD8D}.Release|x86.ActiveCfg = Release|Any CPU
		{DAA9ADDF-5F17-4155-A4B7-31B1AA11AD8D}.Release|x86.Build.0 = Release|Any CPU
		{AD7CFEAC-0235-45AF-A1AC-5561A85F7AC1}.Debug|Any CPU.ActiveCfg = Debug|Any CPU
		{AD7CFEAC-0235-45AF-A1AC-5561A85F7AC1}.Debug|Any CPU.Build.0 = Debug|Any CPU
		{AD7CFEAC-0235-45AF-A1AC-5561A85F7AC1}.Debug|x64.ActiveCfg = Debug|Any CPU
		{AD7CFEAC-0235-45AF-A1AC-5561A85F7AC1}.Debug|x64.Build.0 = Debug|Any CPU
		{AD7CFEAC-0235-45AF-A1AC-5561A85F7AC1}.Debug|x86.ActiveCfg = Debug|Any CPU
		{AD7CFEAC-0235-45AF-A1AC-5561A85F7AC1}.Debug|x86.Build.0 = Debug|Any CPU
		{AD7CFEAC-0235-45AF-A1AC-5561A85F7AC1}.Release|Any CPU.ActiveCfg = Release|Any CPU
		{AD7CFEAC-0235-45AF-A1AC-5561A85F7AC1}.Release|Any CPU.Build.0 = Release|Any CPU
		{AD7CFEAC-0235-45AF-A1AC-5561A85F7AC1}.Release|x64.ActiveCfg = Release|Any CPU
		{AD7CFEAC-0235-45AF-A1AC-5561A85F7AC1}.Release|x64.Build.0 = Release|Any CPU
		{AD7CFEAC-0235-45AF-A1AC-5561A85F7AC1}.Release|x86.ActiveCfg = Release|Any CPU
		{AD7CFEAC-0235-45AF-A1AC-5561A85F7AC1}.Release|x86.Build.0 = Release|Any CPU
		{7BEE5C9A-BFC7-42BC-AA7F-6E711D90E085}.Debug|Any CPU.ActiveCfg = Debug|Any CPU
		{7BEE5C9A-BFC7-42BC-AA7F-6E711D90E085}.Debug|Any CPU.Build.0 = Debug|Any CPU
		{7BEE5C9A-BFC7-42BC-AA7F-6E711D90E085}.Debug|x64.ActiveCfg = Debug|Any CPU
		{7BEE5C9A-BFC7-42BC-AA7F-6E711D90E085}.Debug|x64.Build.0 = Debug|Any CPU
		{7BEE5C9A-BFC7-42BC-AA7F-6E711D90E085}.Debug|x86.ActiveCfg = Debug|Any CPU
		{7BEE5C9A-BFC7-42BC-AA7F-6E711D90E085}.Debug|x86.Build.0 = Debug|Any CPU
		{7BEE5C9A-BFC7-42BC-AA7F-6E711D90E085}.Release|Any CPU.ActiveCfg = Release|Any CPU
		{7BEE5C9A-BFC7-42BC-AA7F-6E711D90E085}.Release|Any CPU.Build.0 = Release|Any CPU
		{7BEE5C9A-BFC7-42BC-AA7F-6E711D90E085}.Release|x64.ActiveCfg = Release|Any CPU
		{7BEE5C9A-BFC7-42BC-AA7F-6E711D90E085}.Release|x64.Build.0 = Release|Any CPU
		{7BEE5C9A-BFC7-42BC-AA7F-6E711D90E085}.Release|x86.ActiveCfg = Release|Any CPU
		{7BEE5C9A-BFC7-42BC-AA7F-6E711D90E085}.Release|x86.Build.0 = Release|Any CPU
		{9E67EB2E-8359-41E3-BD93-DB3A9FEE6831}.Debug|Any CPU.ActiveCfg = Debug|Any CPU
		{9E67EB2E-8359-41E3-BD93-DB3A9FEE6831}.Debug|Any CPU.Build.0 = Debug|Any CPU
		{9E67EB2E-8359-41E3-BD93-DB3A9FEE6831}.Debug|x64.ActiveCfg = Debug|Any CPU
		{9E67EB2E-8359-41E3-BD93-DB3A9FEE6831}.Debug|x64.Build.0 = Debug|Any CPU
		{9E67EB2E-8359-41E3-BD93-DB3A9FEE6831}.Debug|x86.ActiveCfg = Debug|Any CPU
		{9E67EB2E-8359-41E3-BD93-DB3A9FEE6831}.Debug|x86.Build.0 = Debug|Any CPU
		{9E67EB2E-8359-41E3-BD93-DB3A9FEE6831}.Release|Any CPU.ActiveCfg = Release|Any CPU
		{9E67EB2E-8359-41E3-BD93-DB3A9FEE6831}.Release|Any CPU.Build.0 = Release|Any CPU
		{9E67EB2E-8359-41E3-BD93-DB3A9FEE6831}.Release|x64.ActiveCfg = Release|Any CPU
		{9E67EB2E-8359-41E3-BD93-DB3A9FEE6831}.Release|x64.Build.0 = Release|Any CPU
		{9E67EB2E-8359-41E3-BD93-DB3A9FEE6831}.Release|x86.ActiveCfg = Release|Any CPU
		{9E67EB2E-8359-41E3-BD93-DB3A9FEE6831}.Release|x86.Build.0 = Release|Any CPU
		{938CD2AE-5C4D-4D74-A334-985B77CBCC7E}.Debug|Any CPU.ActiveCfg = Debug|Any CPU
		{938CD2AE-5C4D-4D74-A334-985B77CBCC7E}.Debug|Any CPU.Build.0 = Debug|Any CPU
		{938CD2AE-5C4D-4D74-A334-985B77CBCC7E}.Debug|x64.ActiveCfg = Debug|Any CPU
		{938CD2AE-5C4D-4D74-A334-985B77CBCC7E}.Debug|x64.Build.0 = Debug|Any CPU
		{938CD2AE-5C4D-4D74-A334-985B77CBCC7E}.Debug|x86.ActiveCfg = Debug|Any CPU
		{938CD2AE-5C4D-4D74-A334-985B77CBCC7E}.Debug|x86.Build.0 = Debug|Any CPU
		{938CD2AE-5C4D-4D74-A334-985B77CBCC7E}.Release|Any CPU.ActiveCfg = Release|Any CPU
		{938CD2AE-5C4D-4D74-A334-985B77CBCC7E}.Release|Any CPU.Build.0 = Release|Any CPU
		{938CD2AE-5C4D-4D74-A334-985B77CBCC7E}.Release|x64.ActiveCfg = Release|Any CPU
		{938CD2AE-5C4D-4D74-A334-985B77CBCC7E}.Release|x64.Build.0 = Release|Any CPU
		{938CD2AE-5C4D-4D74-A334-985B77CBCC7E}.Release|x86.ActiveCfg = Release|Any CPU
		{938CD2AE-5C4D-4D74-A334-985B77CBCC7E}.Release|x86.Build.0 = Release|Any CPU
		{668837CE-8ED1-429D-BB3D-169D310A3C0D}.Debug|Any CPU.ActiveCfg = Debug|Any CPU
		{668837CE-8ED1-429D-BB3D-169D310A3C0D}.Debug|Any CPU.Build.0 = Debug|Any CPU
		{668837CE-8ED1-429D-BB3D-169D310A3C0D}.Debug|x64.ActiveCfg = Debug|Any CPU
		{668837CE-8ED1-429D-BB3D-169D310A3C0D}.Debug|x64.Build.0 = Debug|Any CPU
		{668837CE-8ED1-429D-BB3D-169D310A3C0D}.Debug|x86.ActiveCfg = Debug|Any CPU
		{668837CE-8ED1-429D-BB3D-169D310A3C0D}.Debug|x86.Build.0 = Debug|Any CPU
		{668837CE-8ED1-429D-BB3D-169D310A3C0D}.Release|Any CPU.ActiveCfg = Release|Any CPU
		{668837CE-8ED1-429D-BB3D-169D310A3C0D}.Release|Any CPU.Build.0 = Release|Any CPU
		{668837CE-8ED1-429D-BB3D-169D310A3C0D}.Release|x64.ActiveCfg = Release|Any CPU
		{668837CE-8ED1-429D-BB3D-169D310A3C0D}.Release|x64.Build.0 = Release|Any CPU
		{668837CE-8ED1-429D-BB3D-169D310A3C0D}.Release|x86.ActiveCfg = Release|Any CPU
		{668837CE-8ED1-429D-BB3D-169D310A3C0D}.Release|x86.Build.0 = Release|Any CPU
		{4FDFB12E-5AE1-42C8-8D4C-D7D30C4C8BBC}.Debug|Any CPU.ActiveCfg = Debug|Any CPU
		{4FDFB12E-5AE1-42C8-8D4C-D7D30C4C8BBC}.Debug|Any CPU.Build.0 = Debug|Any CPU
		{4FDFB12E-5AE1-42C8-8D4C-D7D30C4C8BBC}.Debug|x64.ActiveCfg = Debug|Any CPU
		{4FDFB12E-5AE1-42C8-8D4C-D7D30C4C8BBC}.Debug|x64.Build.0 = Debug|Any CPU
		{4FDFB12E-5AE1-42C8-8D4C-D7D30C4C8BBC}.Debug|x86.ActiveCfg = Debug|Any CPU
		{4FDFB12E-5AE1-42C8-8D4C-D7D30C4C8BBC}.Debug|x86.Build.0 = Debug|Any CPU
		{4FDFB12E-5AE1-42C8-8D4C-D7D30C4C8BBC}.Release|Any CPU.ActiveCfg = Release|Any CPU
		{4FDFB12E-5AE1-42C8-8D4C-D7D30C4C8BBC}.Release|Any CPU.Build.0 = Release|Any CPU
		{4FDFB12E-5AE1-42C8-8D4C-D7D30C4C8BBC}.Release|x64.ActiveCfg = Release|Any CPU
		{4FDFB12E-5AE1-42C8-8D4C-D7D30C4C8BBC}.Release|x64.Build.0 = Release|Any CPU
		{4FDFB12E-5AE1-42C8-8D4C-D7D30C4C8BBC}.Release|x86.ActiveCfg = Release|Any CPU
		{4FDFB12E-5AE1-42C8-8D4C-D7D30C4C8BBC}.Release|x86.Build.0 = Release|Any CPU
		{74198C9D-8D7A-445E-A7BA-8B55EF5D2906}.Debug|Any CPU.ActiveCfg = Debug|Any CPU
		{74198C9D-8D7A-445E-A7BA-8B55EF5D2906}.Debug|Any CPU.Build.0 = Debug|Any CPU
		{74198C9D-8D7A-445E-A7BA-8B55EF5D2906}.Debug|x64.ActiveCfg = Debug|Any CPU
		{74198C9D-8D7A-445E-A7BA-8B55EF5D2906}.Debug|x64.Build.0 = Debug|Any CPU
		{74198C9D-8D7A-445E-A7BA-8B55EF5D2906}.Debug|x86.ActiveCfg = Debug|Any CPU
		{74198C9D-8D7A-445E-A7BA-8B55EF5D2906}.Debug|x86.Build.0 = Debug|Any CPU
		{74198C9D-8D7A-445E-A7BA-8B55EF5D2906}.Release|Any CPU.ActiveCfg = Release|Any CPU
		{74198C9D-8D7A-445E-A7BA-8B55EF5D2906}.Release|Any CPU.Build.0 = Release|Any CPU
		{74198C9D-8D7A-445E-A7BA-8B55EF5D2906}.Release|x64.ActiveCfg = Release|Any CPU
		{74198C9D-8D7A-445E-A7BA-8B55EF5D2906}.Release|x64.Build.0 = Release|Any CPU
		{74198C9D-8D7A-445E-A7BA-8B55EF5D2906}.Release|x86.ActiveCfg = Release|Any CPU
		{74198C9D-8D7A-445E-A7BA-8B55EF5D2906}.Release|x86.Build.0 = Release|Any CPU
		{2FA32175-442E-4C11-B2A3-FE3A91B6931E}.Debug|Any CPU.ActiveCfg = Debug|Any CPU
		{2FA32175-442E-4C11-B2A3-FE3A91B6931E}.Debug|Any CPU.Build.0 = Debug|Any CPU
		{2FA32175-442E-4C11-B2A3-FE3A91B6931E}.Debug|x64.ActiveCfg = Debug|Any CPU
		{2FA32175-442E-4C11-B2A3-FE3A91B6931E}.Debug|x64.Build.0 = Debug|Any CPU
		{2FA32175-442E-4C11-B2A3-FE3A91B6931E}.Debug|x86.ActiveCfg = Debug|Any CPU
		{2FA32175-442E-4C11-B2A3-FE3A91B6931E}.Debug|x86.Build.0 = Debug|Any CPU
		{2FA32175-442E-4C11-B2A3-FE3A91B6931E}.Release|Any CPU.ActiveCfg = Release|Any CPU
		{2FA32175-442E-4C11-B2A3-FE3A91B6931E}.Release|Any CPU.Build.0 = Release|Any CPU
		{2FA32175-442E-4C11-B2A3-FE3A91B6931E}.Release|x64.ActiveCfg = Release|Any CPU
		{2FA32175-442E-4C11-B2A3-FE3A91B6931E}.Release|x64.Build.0 = Release|Any CPU
		{2FA32175-442E-4C11-B2A3-FE3A91B6931E}.Release|x86.ActiveCfg = Release|Any CPU
		{2FA32175-442E-4C11-B2A3-FE3A91B6931E}.Release|x86.Build.0 = Release|Any CPU
		{5A5DF5C3-E058-490D-84FF-D61AE9EBF870}.Debug|Any CPU.ActiveCfg = Debug|Any CPU
		{5A5DF5C3-E058-490D-84FF-D61AE9EBF870}.Debug|Any CPU.Build.0 = Debug|Any CPU
		{5A5DF5C3-E058-490D-84FF-D61AE9EBF870}.Debug|x64.ActiveCfg = Debug|Any CPU
		{5A5DF5C3-E058-490D-84FF-D61AE9EBF870}.Debug|x64.Build.0 = Debug|Any CPU
		{5A5DF5C3-E058-490D-84FF-D61AE9EBF870}.Debug|x86.ActiveCfg = Debug|Any CPU
		{5A5DF5C3-E058-490D-84FF-D61AE9EBF870}.Debug|x86.Build.0 = Debug|Any CPU
		{5A5DF5C3-E058-490D-84FF-D61AE9EBF870}.Release|Any CPU.ActiveCfg = Release|Any CPU
		{5A5DF5C3-E058-490D-84FF-D61AE9EBF870}.Release|Any CPU.Build.0 = Release|Any CPU
		{5A5DF5C3-E058-490D-84FF-D61AE9EBF870}.Release|x64.ActiveCfg = Release|Any CPU
		{5A5DF5C3-E058-490D-84FF-D61AE9EBF870}.Release|x64.Build.0 = Release|Any CPU
		{5A5DF5C3-E058-490D-84FF-D61AE9EBF870}.Release|x86.ActiveCfg = Release|Any CPU
		{5A5DF5C3-E058-490D-84FF-D61AE9EBF870}.Release|x86.Build.0 = Release|Any CPU
	EndGlobalSection
	GlobalSection(SolutionProperties) = preSolution
		HideSolutionNode = FALSE
	EndGlobalSection
	GlobalSection(NestedProjects) = preSolution
		{58A5B24B-8FB4-5A6E-5EF4-1E3E19F29B1B} = {827E0CD3-B72D-47B6-A68D-7590B98EB39B}
		{02202C1A-9CEA-4B15-A154-7E0272B11D41} = {58A5B24B-8FB4-5A6E-5EF4-1E3E19F29B1B}
		{CD5B2FFF-EADB-4E7B-8B12-BA58969F3F8A} = {58A5B24B-8FB4-5A6E-5EF4-1E3E19F29B1B}
		{01D64F12-BC68-4742-BF5A-0309F479A7FE} = {58A5B24B-8FB4-5A6E-5EF4-1E3E19F29B1B}
		{BBFB44D3-33B0-49E9-AF72-B0C792318B2A} = {58A5B24B-8FB4-5A6E-5EF4-1E3E19F29B1B}
		{4A4AB820-0CD1-4160-83AE-0515A8FBD9F4} = {58A5B24B-8FB4-5A6E-5EF4-1E3E19F29B1B}
		{C3EBF1F4-B3BF-4E3A-964B-42CA230A0BDA} = {58A5B24B-8FB4-5A6E-5EF4-1E3E19F29B1B}
		{0C716590-6463-487C-B807-C5C672D331BD} = {58A5B24B-8FB4-5A6E-5EF4-1E3E19F29B1B}
		{2028344E-10F1-4ADB-B129-75C9A7A3D91F} = {58A5B24B-8FB4-5A6E-5EF4-1E3E19F29B1B}
		{23286EB2-55C9-4034-A498-FC7F5B17145F} = {58A5B24B-8FB4-5A6E-5EF4-1E3E19F29B1B}
		{76F7E90A-A93E-46AC-8C47-67F3352155D0} = {58A5B24B-8FB4-5A6E-5EF4-1E3E19F29B1B}
		{6A1D3000-C9B7-47C8-946C-06A5E099D2D4} = {58A5B24B-8FB4-5A6E-5EF4-1E3E19F29B1B}
		{22E415C0-CC08-42C1-BE27-1A7F3E6EC465} = {58A5B24B-8FB4-5A6E-5EF4-1E3E19F29B1B}
		{35897BC2-D1C5-450E-ABFA-28B187EA785C} = {58A5B24B-8FB4-5A6E-5EF4-1E3E19F29B1B}
		{CE0DA9AA-64E4-4FE8-A63A-E210C7D9A118} = {58A5B24B-8FB4-5A6E-5EF4-1E3E19F29B1B}
		{15D6070A-A4A6-4EBE-9CDB-8843D8046B7C} = {58A5B24B-8FB4-5A6E-5EF4-1E3E19F29B1B}
		{5436EFE0-AAA5-414F-AD64-4DBA18A876B0} = {58A5B24B-8FB4-5A6E-5EF4-1E3E19F29B1B}
		{F21D625E-2F6B-49B1-B9B7-D50C2D05233E} = {58A5B24B-8FB4-5A6E-5EF4-1E3E19F29B1B}
		{D9313872-3BF1-402A-B434-9CBB2D7E7A0A} = {58A5B24B-8FB4-5A6E-5EF4-1E3E19F29B1B}
		{3C0463DA-A90A-4909-8CDF-33C03F5DFE1A} = {58A5B24B-8FB4-5A6E-5EF4-1E3E19F29B1B}
		{B1F0091F-4322-4EDE-ABF7-909D4722F600} = {58A5B24B-8FB4-5A6E-5EF4-1E3E19F29B1B}
		{3BECAF3F-6C0B-4B42-97D4-5395169D6A61} = {58A5B24B-8FB4-5A6E-5EF4-1E3E19F29B1B}
		{67E6BE1B-8164-41DB-8699-068D9CDD9C82} = {58A5B24B-8FB4-5A6E-5EF4-1E3E19F29B1B}
		{6237ED39-A859-43B9-8641-F106F777BD33} = {58A5B24B-8FB4-5A6E-5EF4-1E3E19F29B1B}
		{A5A03E0C-612C-4859-92F6-2A326D5DAB56} = {58A5B24B-8FB4-5A6E-5EF4-1E3E19F29B1B}
		{B6256F65-ABC6-4D41-9C3A-E2024F179A4B} = {58A5B24B-8FB4-5A6E-5EF4-1E3E19F29B1B}
		{D6EB46F8-D09A-4EE8-8E15-8CA17688DC78} = {58A5B24B-8FB4-5A6E-5EF4-1E3E19F29B1B}
		{5692FA49-099E-4069-8055-136CDB8D7960} = {58A5B24B-8FB4-5A6E-5EF4-1E3E19F29B1B}
		{BEB168ED-D0BC-4FCA-8E3A-7B2D328A90E9} = {58A5B24B-8FB4-5A6E-5EF4-1E3E19F29B1B}
		{F5C89EE3-E6B2-4A1F-9DF8-3650C71A4376} = {58A5B24B-8FB4-5A6E-5EF4-1E3E19F29B1B}
		{37B9816A-2424-4E40-B477-188008281225} = {58A5B24B-8FB4-5A6E-5EF4-1E3E19F29B1B}
		{2FA5F034-E2A1-4626-BE19-CB17FA1B6DE5} = {58A5B24B-8FB4-5A6E-5EF4-1E3E19F29B1B}
		{F3846736-565B-9EA7-873C-5ACF842A7768} = {827E0CD3-B72D-47B6-A68D-7590B98EB39B}
		{06C6AD3F-BF05-4B03-AA92-111AB3D16878} = {F3846736-565B-9EA7-873C-5ACF842A7768}
		{7B31E8FA-458A-47CF-84EE-1206A804BB19} = {F3846736-565B-9EA7-873C-5ACF842A7768}
		{2A0C4FDC-61FA-429C-BD7E-31CD55CA9A6A} = {F3846736-565B-9EA7-873C-5ACF842A7768}
		{1051BD71-A06F-1F81-0610-AC9897EA1EE8} = {0AB3BF05-4346-4AA6-1389-037BE0695223}
		{7E915BD1-40BE-4104-BE82-38E94E055790} = {1051BD71-A06F-1F81-0610-AC9897EA1EE8}
		{E084123A-7156-45CD-972E-6875FD6E847A} = {1051BD71-A06F-1F81-0610-AC9897EA1EE8}
		{78A7E963-9BDE-461E-AEB0-DD5F1FA2A38F} = {1051BD71-A06F-1F81-0610-AC9897EA1EE8}
		{C5BB0AB9-9673-4C85-8C1D-6B1B3BE67061} = {1051BD71-A06F-1F81-0610-AC9897EA1EE8}
		{EF5F40E2-9E03-4E9C-B1DD-E8AE4DDD7EC6} = {1051BD71-A06F-1F81-0610-AC9897EA1EE8}
		{9415B1B4-6945-40A0-9504-2763ECCD6993} = {1051BD71-A06F-1F81-0610-AC9897EA1EE8}
		{B8229D4F-893A-4F69-B1D4-17BE5F8AA3B6} = {1051BD71-A06F-1F81-0610-AC9897EA1EE8}
		{4C246212-7622-4E36-BC31-453181ED25FD} = {1051BD71-A06F-1F81-0610-AC9897EA1EE8}
		{A2DC7A22-96F7-4D3E-8F59-871CD93D6723} = {1051BD71-A06F-1F81-0610-AC9897EA1EE8}
		{DDE9CC43-D12E-4185-B044-D4108969280F} = {1051BD71-A06F-1F81-0610-AC9897EA1EE8}
		{685A6C62-153E-4288-BDDB-1EFCAEE7D003} = {1051BD71-A06F-1F81-0610-AC9897EA1EE8}
		{317AFF95-9ADE-4DAF-B209-4B0DB2F06F98} = {1051BD71-A06F-1F81-0610-AC9897EA1EE8}
		{DA52C2E7-1281-792B-FC57-5A027D9011DB} = {0AB3BF05-4346-4AA6-1389-037BE0695223}
		{557346CA-9D13-4885-B3B5-F14E16410BE5} = {DA52C2E7-1281-792B-FC57-5A027D9011DB}
		{D66F4C00-57F5-48C1-A4FE-0FD3BCA8E066} = {1787FE1D-075E-9E68-7218-25F1BD1BBEAB}
		{2BD089E0-FC1C-4787-AC56-48C3E532FBB6} = {1787FE1D-075E-9E68-7218-25F1BD1BBEAB}
		{BC9CB97E-A3B8-4186-AEC1-441B900FA650} = {07C2787E-EAC7-C090-1BA3-A61EC2A24D84}
		{7B5FE978-C23A-4075-BE85-4C017E67538E} = {07C2787E-EAC7-C090-1BA3-A61EC2A24D84}
		{4956293D-766A-4065-9DC7-7E37976A9D69} = {07C2787E-EAC7-C090-1BA3-A61EC2A24D84}
		{4A2A49B1-B10C-402C-A13A-D2D32C6B077F} = {07C2787E-EAC7-C090-1BA3-A61EC2A24D84}
		{535BB1AF-BF99-4DDA-A419-E638AA4FDCAC} = {07C2787E-EAC7-C090-1BA3-A61EC2A24D84}
		{EEEB1D91-9B0A-4431-8395-C97251CA56C9} = {58A5B24B-8FB4-5A6E-5EF4-1E3E19F29B1B}
		{76470A55-9FD5-4A9E-8E13-F6B36BA38D6E} = {1051BD71-A06F-1F81-0610-AC9897EA1EE8}
		{DAA9ADDF-5F17-4155-A4B7-31B1AA11AD8D} = {58A5B24B-8FB4-5A6E-5EF4-1E3E19F29B1B}
		{AD7CFEAC-0235-45AF-A1AC-5561A85F7AC1} = {1051BD71-A06F-1F81-0610-AC9897EA1EE8}
		{7BEE5C9A-BFC7-42BC-AA7F-6E711D90E085} = {58A5B24B-8FB4-5A6E-5EF4-1E3E19F29B1B}
		{9E67EB2E-8359-41E3-BD93-DB3A9FEE6831} = {1051BD71-A06F-1F81-0610-AC9897EA1EE8}
		{938CD2AE-5C4D-4D74-A334-985B77CBCC7E} = {58A5B24B-8FB4-5A6E-5EF4-1E3E19F29B1B}
		{668837CE-8ED1-429D-BB3D-169D310A3C0D} = {1051BD71-A06F-1F81-0610-AC9897EA1EE8}
		{4FDFB12E-5AE1-42C8-8D4C-D7D30C4C8BBC} = {07C2787E-EAC7-C090-1BA3-A61EC2A24D84}
		{74198C9D-8D7A-445E-A7BA-8B55EF5D2906} = {58A5B24B-8FB4-5A6E-5EF4-1E3E19F29B1B}
		{2FA32175-442E-4C11-B2A3-FE3A91B6931E} = {1051BD71-A06F-1F81-0610-AC9897EA1EE8}
		{5A5DF5C3-E058-490D-84FF-D61AE9EBF870} = {1051BD71-A06F-1F81-0610-AC9897EA1EE8}
	EndGlobalSection
EndGlobal
